
Microsoft Visual Studio Solution File, Format Version 12.00
# Visual Studio 2013
VisualStudioVersion = 12.0.21005.1
MinimumVisualStudioVersion = 10.0.40219.1
Project("{2150E333-8FDC-42A3-9474-1A3956D46DE8}") = "ILSpy", "ILSpy", "{CA95EA52-F65F-41D7-812B-2B37C87D6368}"
EndProject
Project("{2150E333-8FDC-42A3-9474-1A3956D46DE8}") = "doc", "doc", "{F45DB999-7E72-4000-B5AD-3A7B485A0896}"
	ProjectSection(SolutionItems) = preProject
		..\ilspy\doc\Command Line.txt = ..\ilspy\doc\Command Line.txt
	EndProjectSection
EndProject
Project("{FAE04EC0-301F-11D3-BF4B-00C04F79EFBC}") = "ILSpy", "..\ilspy\ILSpy\ILSpy.csproj", "{1E85EFF9-E370-4683-83E4-8A3D063FF791}"
EndProject
Project("{FAE04EC0-301F-11D3-BF4B-00C04F79EFBC}") = "ICSharpCode.TreeView", "..\ilspy\SharpTreeView\ICSharpCode.TreeView.csproj", "{DDE2A481-8271-4EAC-A330-8FA6A38D13D1}"
EndProject
Project("{FAE04EC0-301F-11D3-BF4B-00C04F79EFBC}") = "Mono.Cecil", "..\ilspy\Mono.Cecil\Mono.Cecil.csproj", "{D68133BD-1E63-496E-9EDE-4FBDBF77B486}"
EndProject
Project("{FAE04EC0-301F-11D3-BF4B-00C04F79EFBC}") = "ICSharpCode.AvalonEdit", "..\ilspy\AvalonEdit\ICSharpCode.AvalonEdit\ICSharpCode.AvalonEdit.csproj", "{6C55B776-26D4-4DB3-A6AB-87E783B2F3D1}"
EndProject
Project("{FAE04EC0-301F-11D3-BF4B-00C04F79EFBC}") = "ICSharpCode.Decompiler", "..\ilspy\ICSharpCode.Decompiler\ICSharpCode.Decompiler.csproj", "{984CC812-9470-4A13-AFF9-CC44068D666C}"
EndProject
Project("{FAE04EC0-301F-11D3-BF4B-00C04F79EFBC}") = "ICSharpCode.NRefactory", "..\ilspy\NRefactory\ICSharpCode.NRefactory\ICSharpCode.NRefactory.csproj", "{3B2A5653-EC97-4001-BB9B-D90F1AF2C371}"
EndProject
Project("{FAE04EC0-301F-11D3-BF4B-00C04F79EFBC}") = "ICSharpCode.Decompiler.Tests", "..\ilspy\ICSharpCode.Decompiler\Tests\ICSharpCode.Decompiler.Tests.csproj", "{FEC0DA52-C4A6-4710-BE36-B484A20C5E22}"
EndProject
Project("{FAE04EC0-301F-11D3-BF4B-00C04F79EFBC}") = "TestPlugin", "..\ilspy\TestPlugin\TestPlugin.csproj", "{F32EBCC8-0E53-4421-867E-05B3D6E10C70}"
EndProject
Project("{FAE04EC0-301F-11D3-BF4B-00C04F79EFBC}") = "Mono.Cecil.Pdb", "..\ilspy\Mono.Cecil\symbols\pdb\Mono.Cecil.Pdb.csproj", "{63E6915C-7EA4-4D76-AB28-0D7191EEA626}"
EndProject
Project("{FAE04EC0-301F-11D3-BF4B-00C04F79EFBC}") = "ICSharpCode.NRefactory.VB", "..\ilspy\NRefactory\ICSharpCode.NRefactory.VB\ICSharpCode.NRefactory.VB.csproj", "{7B82B671-419F-45F4-B778-D9286F996EFA}"
EndProject
Project("{FAE04EC0-301F-11D3-BF4B-00C04F79EFBC}") = "ILSpy.BamlDecompiler", "..\ilspy\ILSpy.BamlDecompiler\ILSpy.BamlDecompiler.csproj", "{A6BAD2BA-76BA-461C-8B6D-418607591247}"
EndProject
Project("{FAE04EC0-301F-11D3-BF4B-00C04F79EFBC}") = "ILSpy.BamlDecompiler.Tests", "..\ilspy\ILSpy.BamlDecompiler\Tests\ILSpy.BamlDecompiler.Tests.csproj", "{1169E6D1-1899-43D4-A500-07CE4235B388}"
EndProject
Project("{FAE04EC0-301F-11D3-BF4B-00C04F79EFBC}") = "ICSharpCode.NRefactory.CSharp", "..\ilspy\NRefactory\ICSharpCode.NRefactory.CSharp\ICSharpCode.NRefactory.CSharp.csproj", "{53DCA265-3C3C-42F9-B647-F72BA678122B}"
EndProject
Project("{FAE04EC0-301F-11D3-BF4B-00C04F79EFBC}") = "LinqPadSpy", "LinqPadSpy.csproj", "{B2A8BB5A-2C47-4B6A-943C-44658BCEF07C}"
EndProject
Project("{FAE04EC0-301F-11D3-BF4B-00C04F79EFBC}") = "LinqPadSpy.Plugin", "..\LinqPadSpy.Plugin\LinqPadSpy.Plugin.csproj", "{46FC3B80-15B0-4E1C-BE40-3BFF5981C474}"
EndProject
Global
	GlobalSection(SolutionConfigurationPlatforms) = preSolution
		Debug|Any CPU = Debug|Any CPU
		Debug|x86 = Debug|x86
		net_2_0_Debug|Any CPU = net_2_0_Debug|Any CPU
		net_2_0_Debug|x86 = net_2_0_Debug|x86
		net_2_0_Release|Any CPU = net_2_0_Release|Any CPU
		net_2_0_Release|x86 = net_2_0_Release|x86
		net_3_5_Debug|Any CPU = net_3_5_Debug|Any CPU
		net_3_5_Debug|x86 = net_3_5_Debug|x86
		net_3_5_Release|Any CPU = net_3_5_Release|Any CPU
		net_3_5_Release|x86 = net_3_5_Release|x86
		net_4_0_Debug|Any CPU = net_4_0_Debug|Any CPU
		net_4_0_Debug|x86 = net_4_0_Debug|x86
		net_4_0_Release|Any CPU = net_4_0_Release|Any CPU
		net_4_0_Release|x86 = net_4_0_Release|x86
		net_4_5_Debug|Any CPU = net_4_5_Debug|Any CPU
		net_4_5_Debug|x86 = net_4_5_Debug|x86
		net_4_5_Release|Any CPU = net_4_5_Release|Any CPU
		net_4_5_Release|x86 = net_4_5_Release|x86
		Release|Any CPU = Release|Any CPU
		Release|x86 = Release|x86
		silverlight_Debug|Any CPU = silverlight_Debug|Any CPU
		silverlight_Debug|x86 = silverlight_Debug|x86
		silverlight_Release|Any CPU = silverlight_Release|Any CPU
		silverlight_Release|x86 = silverlight_Release|x86
		winphone_Debug|Any CPU = winphone_Debug|Any CPU
		winphone_Debug|x86 = winphone_Debug|x86
		winphone_Release|Any CPU = winphone_Release|Any CPU
		winphone_Release|x86 = winphone_Release|x86
	EndGlobalSection
	GlobalSection(ProjectConfigurationPlatforms) = postSolution
		{1E85EFF9-E370-4683-83E4-8A3D063FF791}.Debug|Any CPU.ActiveCfg = Debug|Any CPU
		{1E85EFF9-E370-4683-83E4-8A3D063FF791}.Debug|Any CPU.Build.0 = Debug|Any CPU
		{1E85EFF9-E370-4683-83E4-8A3D063FF791}.Debug|x86.ActiveCfg = Debug|x86
		{1E85EFF9-E370-4683-83E4-8A3D063FF791}.Debug|x86.Build.0 = Debug|x86
		{1E85EFF9-E370-4683-83E4-8A3D063FF791}.net_2_0_Debug|Any CPU.ActiveCfg = Debug|Any CPU
		{1E85EFF9-E370-4683-83E4-8A3D063FF791}.net_2_0_Debug|Any CPU.Build.0 = Debug|Any CPU
		{1E85EFF9-E370-4683-83E4-8A3D063FF791}.net_2_0_Debug|x86.ActiveCfg = Debug|x86
		{1E85EFF9-E370-4683-83E4-8A3D063FF791}.net_2_0_Debug|x86.Build.0 = Debug|x86
		{1E85EFF9-E370-4683-83E4-8A3D063FF791}.net_2_0_Release|Any CPU.ActiveCfg = Release|Any CPU
		{1E85EFF9-E370-4683-83E4-8A3D063FF791}.net_2_0_Release|Any CPU.Build.0 = Release|Any CPU
		{1E85EFF9-E370-4683-83E4-8A3D063FF791}.net_2_0_Release|x86.ActiveCfg = Release|x86
		{1E85EFF9-E370-4683-83E4-8A3D063FF791}.net_2_0_Release|x86.Build.0 = Release|x86
		{1E85EFF9-E370-4683-83E4-8A3D063FF791}.net_3_5_Debug|Any CPU.ActiveCfg = Debug|Any CPU
		{1E85EFF9-E370-4683-83E4-8A3D063FF791}.net_3_5_Debug|Any CPU.Build.0 = Debug|Any CPU
		{1E85EFF9-E370-4683-83E4-8A3D063FF791}.net_3_5_Debug|x86.ActiveCfg = Debug|x86
		{1E85EFF9-E370-4683-83E4-8A3D063FF791}.net_3_5_Debug|x86.Build.0 = Debug|x86
		{1E85EFF9-E370-4683-83E4-8A3D063FF791}.net_3_5_Release|Any CPU.ActiveCfg = Release|Any CPU
		{1E85EFF9-E370-4683-83E4-8A3D063FF791}.net_3_5_Release|Any CPU.Build.0 = Release|Any CPU
		{1E85EFF9-E370-4683-83E4-8A3D063FF791}.net_3_5_Release|x86.ActiveCfg = Release|x86
		{1E85EFF9-E370-4683-83E4-8A3D063FF791}.net_3_5_Release|x86.Build.0 = Release|x86
		{1E85EFF9-E370-4683-83E4-8A3D063FF791}.net_4_0_Debug|Any CPU.ActiveCfg = Debug|Any CPU
		{1E85EFF9-E370-4683-83E4-8A3D063FF791}.net_4_0_Debug|Any CPU.Build.0 = Debug|Any CPU
		{1E85EFF9-E370-4683-83E4-8A3D063FF791}.net_4_0_Debug|x86.ActiveCfg = Debug|x86
		{1E85EFF9-E370-4683-83E4-8A3D063FF791}.net_4_0_Debug|x86.Build.0 = Debug|x86
		{1E85EFF9-E370-4683-83E4-8A3D063FF791}.net_4_0_Release|Any CPU.ActiveCfg = Release|Any CPU
		{1E85EFF9-E370-4683-83E4-8A3D063FF791}.net_4_0_Release|Any CPU.Build.0 = Release|Any CPU
		{1E85EFF9-E370-4683-83E4-8A3D063FF791}.net_4_0_Release|x86.ActiveCfg = Release|x86
		{1E85EFF9-E370-4683-83E4-8A3D063FF791}.net_4_0_Release|x86.Build.0 = Release|x86
		{1E85EFF9-E370-4683-83E4-8A3D063FF791}.net_4_5_Debug|Any CPU.ActiveCfg = Debug|Any CPU
		{1E85EFF9-E370-4683-83E4-8A3D063FF791}.net_4_5_Debug|Any CPU.Build.0 = Debug|Any CPU
		{1E85EFF9-E370-4683-83E4-8A3D063FF791}.net_4_5_Debug|x86.ActiveCfg = Debug|x86
		{1E85EFF9-E370-4683-83E4-8A3D063FF791}.net_4_5_Debug|x86.Build.0 = Debug|x86
		{1E85EFF9-E370-4683-83E4-8A3D063FF791}.net_4_5_Release|Any CPU.ActiveCfg = Release|Any CPU
		{1E85EFF9-E370-4683-83E4-8A3D063FF791}.net_4_5_Release|Any CPU.Build.0 = Release|Any CPU
		{1E85EFF9-E370-4683-83E4-8A3D063FF791}.net_4_5_Release|x86.ActiveCfg = Release|x86
		{1E85EFF9-E370-4683-83E4-8A3D063FF791}.net_4_5_Release|x86.Build.0 = Release|x86
		{1E85EFF9-E370-4683-83E4-8A3D063FF791}.Release|Any CPU.ActiveCfg = Release|Any CPU
		{1E85EFF9-E370-4683-83E4-8A3D063FF791}.Release|Any CPU.Build.0 = Release|Any CPU
		{1E85EFF9-E370-4683-83E4-8A3D063FF791}.Release|x86.ActiveCfg = Release|x86
		{1E85EFF9-E370-4683-83E4-8A3D063FF791}.Release|x86.Build.0 = Release|x86
		{1E85EFF9-E370-4683-83E4-8A3D063FF791}.silverlight_Debug|Any CPU.ActiveCfg = Debug|Any CPU
		{1E85EFF9-E370-4683-83E4-8A3D063FF791}.silverlight_Debug|Any CPU.Build.0 = Debug|Any CPU
		{1E85EFF9-E370-4683-83E4-8A3D063FF791}.silverlight_Debug|x86.ActiveCfg = Debug|x86
		{1E85EFF9-E370-4683-83E4-8A3D063FF791}.silverlight_Debug|x86.Build.0 = Debug|x86
		{1E85EFF9-E370-4683-83E4-8A3D063FF791}.silverlight_Release|Any CPU.ActiveCfg = Release|Any CPU
		{1E85EFF9-E370-4683-83E4-8A3D063FF791}.silverlight_Release|Any CPU.Build.0 = Release|Any CPU
		{1E85EFF9-E370-4683-83E4-8A3D063FF791}.silverlight_Release|x86.ActiveCfg = Release|x86
		{1E85EFF9-E370-4683-83E4-8A3D063FF791}.silverlight_Release|x86.Build.0 = Release|x86
		{1E85EFF9-E370-4683-83E4-8A3D063FF791}.winphone_Debug|Any CPU.ActiveCfg = Debug|Any CPU
		{1E85EFF9-E370-4683-83E4-8A3D063FF791}.winphone_Debug|Any CPU.Build.0 = Debug|Any CPU
		{1E85EFF9-E370-4683-83E4-8A3D063FF791}.winphone_Debug|x86.ActiveCfg = Debug|x86
		{1E85EFF9-E370-4683-83E4-8A3D063FF791}.winphone_Debug|x86.Build.0 = Debug|x86
		{1E85EFF9-E370-4683-83E4-8A3D063FF791}.winphone_Release|Any CPU.ActiveCfg = Release|Any CPU
		{1E85EFF9-E370-4683-83E4-8A3D063FF791}.winphone_Release|Any CPU.Build.0 = Release|Any CPU
		{1E85EFF9-E370-4683-83E4-8A3D063FF791}.winphone_Release|x86.ActiveCfg = Release|x86
		{1E85EFF9-E370-4683-83E4-8A3D063FF791}.winphone_Release|x86.Build.0 = Release|x86
		{DDE2A481-8271-4EAC-A330-8FA6A38D13D1}.Debug|Any CPU.ActiveCfg = Debug|Any CPU
		{DDE2A481-8271-4EAC-A330-8FA6A38D13D1}.Debug|Any CPU.Build.0 = Debug|Any CPU
		{DDE2A481-8271-4EAC-A330-8FA6A38D13D1}.Debug|x86.ActiveCfg = Debug|Any CPU
		{DDE2A481-8271-4EAC-A330-8FA6A38D13D1}.Debug|x86.Build.0 = Debug|Any CPU
		{DDE2A481-8271-4EAC-A330-8FA6A38D13D1}.net_2_0_Debug|Any CPU.ActiveCfg = Debug|Any CPU
		{DDE2A481-8271-4EAC-A330-8FA6A38D13D1}.net_2_0_Debug|Any CPU.Build.0 = Debug|Any CPU
		{DDE2A481-8271-4EAC-A330-8FA6A38D13D1}.net_2_0_Debug|x86.ActiveCfg = Debug|Any CPU
		{DDE2A481-8271-4EAC-A330-8FA6A38D13D1}.net_2_0_Release|Any CPU.ActiveCfg = Release|Any CPU
		{DDE2A481-8271-4EAC-A330-8FA6A38D13D1}.net_2_0_Release|Any CPU.Build.0 = Release|Any CPU
		{DDE2A481-8271-4EAC-A330-8FA6A38D13D1}.net_2_0_Release|x86.ActiveCfg = Release|Any CPU
		{DDE2A481-8271-4EAC-A330-8FA6A38D13D1}.net_3_5_Debug|Any CPU.ActiveCfg = Debug|Any CPU
		{DDE2A481-8271-4EAC-A330-8FA6A38D13D1}.net_3_5_Debug|Any CPU.Build.0 = Debug|Any CPU
		{DDE2A481-8271-4EAC-A330-8FA6A38D13D1}.net_3_5_Debug|x86.ActiveCfg = Debug|Any CPU
		{DDE2A481-8271-4EAC-A330-8FA6A38D13D1}.net_3_5_Release|Any CPU.ActiveCfg = Release|Any CPU
		{DDE2A481-8271-4EAC-A330-8FA6A38D13D1}.net_3_5_Release|Any CPU.Build.0 = Release|Any CPU
		{DDE2A481-8271-4EAC-A330-8FA6A38D13D1}.net_3_5_Release|x86.ActiveCfg = Release|Any CPU
		{DDE2A481-8271-4EAC-A330-8FA6A38D13D1}.net_4_0_Debug|Any CPU.ActiveCfg = Debug|Any CPU
		{DDE2A481-8271-4EAC-A330-8FA6A38D13D1}.net_4_0_Debug|Any CPU.Build.0 = Debug|Any CPU
		{DDE2A481-8271-4EAC-A330-8FA6A38D13D1}.net_4_0_Debug|x86.ActiveCfg = Debug|Any CPU
		{DDE2A481-8271-4EAC-A330-8FA6A38D13D1}.net_4_0_Release|Any CPU.ActiveCfg = Release|Any CPU
		{DDE2A481-8271-4EAC-A330-8FA6A38D13D1}.net_4_0_Release|Any CPU.Build.0 = Release|Any CPU
		{DDE2A481-8271-4EAC-A330-8FA6A38D13D1}.net_4_0_Release|x86.ActiveCfg = Release|Any CPU
		{DDE2A481-8271-4EAC-A330-8FA6A38D13D1}.net_4_5_Debug|Any CPU.ActiveCfg = Debug|Any CPU
		{DDE2A481-8271-4EAC-A330-8FA6A38D13D1}.net_4_5_Debug|Any CPU.Build.0 = Debug|Any CPU
		{DDE2A481-8271-4EAC-A330-8FA6A38D13D1}.net_4_5_Debug|x86.ActiveCfg = Debug|Any CPU
		{DDE2A481-8271-4EAC-A330-8FA6A38D13D1}.net_4_5_Release|Any CPU.ActiveCfg = Release|Any CPU
		{DDE2A481-8271-4EAC-A330-8FA6A38D13D1}.net_4_5_Release|Any CPU.Build.0 = Release|Any CPU
		{DDE2A481-8271-4EAC-A330-8FA6A38D13D1}.net_4_5_Release|x86.ActiveCfg = Release|Any CPU
		{DDE2A481-8271-4EAC-A330-8FA6A38D13D1}.Release|Any CPU.ActiveCfg = Release|Any CPU
		{DDE2A481-8271-4EAC-A330-8FA6A38D13D1}.Release|Any CPU.Build.0 = Release|Any CPU
		{DDE2A481-8271-4EAC-A330-8FA6A38D13D1}.Release|x86.ActiveCfg = Release|Any CPU
		{DDE2A481-8271-4EAC-A330-8FA6A38D13D1}.Release|x86.Build.0 = Release|Any CPU
		{DDE2A481-8271-4EAC-A330-8FA6A38D13D1}.silverlight_Debug|Any CPU.ActiveCfg = Debug|Any CPU
		{DDE2A481-8271-4EAC-A330-8FA6A38D13D1}.silverlight_Debug|Any CPU.Build.0 = Debug|Any CPU
		{DDE2A481-8271-4EAC-A330-8FA6A38D13D1}.silverlight_Debug|x86.ActiveCfg = Debug|Any CPU
		{DDE2A481-8271-4EAC-A330-8FA6A38D13D1}.silverlight_Release|Any CPU.ActiveCfg = Release|Any CPU
		{DDE2A481-8271-4EAC-A330-8FA6A38D13D1}.silverlight_Release|Any CPU.Build.0 = Release|Any CPU
		{DDE2A481-8271-4EAC-A330-8FA6A38D13D1}.silverlight_Release|x86.ActiveCfg = Release|Any CPU
		{DDE2A481-8271-4EAC-A330-8FA6A38D13D1}.winphone_Debug|Any CPU.ActiveCfg = Debug|Any CPU
		{DDE2A481-8271-4EAC-A330-8FA6A38D13D1}.winphone_Debug|Any CPU.Build.0 = Debug|Any CPU
		{DDE2A481-8271-4EAC-A330-8FA6A38D13D1}.winphone_Debug|x86.ActiveCfg = Debug|Any CPU
		{DDE2A481-8271-4EAC-A330-8FA6A38D13D1}.winphone_Release|Any CPU.ActiveCfg = Release|Any CPU
		{DDE2A481-8271-4EAC-A330-8FA6A38D13D1}.winphone_Release|Any CPU.Build.0 = Release|Any CPU
		{DDE2A481-8271-4EAC-A330-8FA6A38D13D1}.winphone_Release|x86.ActiveCfg = Release|Any CPU
		{D68133BD-1E63-496E-9EDE-4FBDBF77B486}.Debug|Any CPU.ActiveCfg = net_4_0_Debug|Any CPU
		{D68133BD-1E63-496E-9EDE-4FBDBF77B486}.Debug|Any CPU.Build.0 = net_4_0_Debug|Any CPU
		{D68133BD-1E63-496E-9EDE-4FBDBF77B486}.Debug|x86.ActiveCfg = net_4_0_Debug|Any CPU
		{D68133BD-1E63-496E-9EDE-4FBDBF77B486}.Debug|x86.Build.0 = net_4_0_Debug|Any CPU
		{D68133BD-1E63-496E-9EDE-4FBDBF77B486}.net_2_0_Debug|Any CPU.ActiveCfg = net_2_0_Debug|Any CPU
		{D68133BD-1E63-496E-9EDE-4FBDBF77B486}.net_2_0_Debug|Any CPU.Build.0 = net_2_0_Debug|Any CPU
		{D68133BD-1E63-496E-9EDE-4FBDBF77B486}.net_2_0_Debug|x86.ActiveCfg = net_2_0_Debug|Any CPU
		{D68133BD-1E63-496E-9EDE-4FBDBF77B486}.net_2_0_Release|Any CPU.ActiveCfg = net_2_0_Release|Any CPU
		{D68133BD-1E63-496E-9EDE-4FBDBF77B486}.net_2_0_Release|Any CPU.Build.0 = net_2_0_Release|Any CPU
		{D68133BD-1E63-496E-9EDE-4FBDBF77B486}.net_2_0_Release|x86.ActiveCfg = net_2_0_Release|Any CPU
		{D68133BD-1E63-496E-9EDE-4FBDBF77B486}.net_3_5_Debug|Any CPU.ActiveCfg = net_3_5_Debug|Any CPU
		{D68133BD-1E63-496E-9EDE-4FBDBF77B486}.net_3_5_Debug|Any CPU.Build.0 = net_3_5_Debug|Any CPU
		{D68133BD-1E63-496E-9EDE-4FBDBF77B486}.net_3_5_Debug|x86.ActiveCfg = net_3_5_Debug|Any CPU
		{D68133BD-1E63-496E-9EDE-4FBDBF77B486}.net_3_5_Release|Any CPU.ActiveCfg = net_3_5_Release|Any CPU
		{D68133BD-1E63-496E-9EDE-4FBDBF77B486}.net_3_5_Release|Any CPU.Build.0 = net_3_5_Release|Any CPU
		{D68133BD-1E63-496E-9EDE-4FBDBF77B486}.net_3_5_Release|x86.ActiveCfg = net_3_5_Release|Any CPU
		{D68133BD-1E63-496E-9EDE-4FBDBF77B486}.net_4_0_Debug|Any CPU.ActiveCfg = net_4_0_Debug|Any CPU
		{D68133BD-1E63-496E-9EDE-4FBDBF77B486}.net_4_0_Debug|Any CPU.Build.0 = net_4_0_Debug|Any CPU
		{D68133BD-1E63-496E-9EDE-4FBDBF77B486}.net_4_0_Debug|x86.ActiveCfg = net_4_0_Debug|Any CPU
		{D68133BD-1E63-496E-9EDE-4FBDBF77B486}.net_4_0_Release|Any CPU.ActiveCfg = net_4_0_Release|Any CPU
		{D68133BD-1E63-496E-9EDE-4FBDBF77B486}.net_4_0_Release|Any CPU.Build.0 = net_4_0_Release|Any CPU
		{D68133BD-1E63-496E-9EDE-4FBDBF77B486}.net_4_0_Release|x86.ActiveCfg = net_4_0_Release|Any CPU
		{D68133BD-1E63-496E-9EDE-4FBDBF77B486}.net_4_5_Debug|Any CPU.ActiveCfg = net_4_0_Release|Any CPU
		{D68133BD-1E63-496E-9EDE-4FBDBF77B486}.net_4_5_Debug|Any CPU.Build.0 = net_4_0_Release|Any CPU
		{D68133BD-1E63-496E-9EDE-4FBDBF77B486}.net_4_5_Debug|x86.ActiveCfg = net_4_0_Release|Any CPU
		{D68133BD-1E63-496E-9EDE-4FBDBF77B486}.net_4_5_Release|Any CPU.ActiveCfg = net_4_0_Release|Any CPU
		{D68133BD-1E63-496E-9EDE-4FBDBF77B486}.net_4_5_Release|Any CPU.Build.0 = net_4_0_Release|Any CPU
		{D68133BD-1E63-496E-9EDE-4FBDBF77B486}.net_4_5_Release|x86.ActiveCfg = net_4_0_Release|Any CPU
		{D68133BD-1E63-496E-9EDE-4FBDBF77B486}.Release|Any CPU.ActiveCfg = net_4_0_Release|Any CPU
		{D68133BD-1E63-496E-9EDE-4FBDBF77B486}.Release|Any CPU.Build.0 = net_4_0_Release|Any CPU
		{D68133BD-1E63-496E-9EDE-4FBDBF77B486}.Release|x86.ActiveCfg = net_4_0_Release|Any CPU
		{D68133BD-1E63-496E-9EDE-4FBDBF77B486}.Release|x86.Build.0 = net_4_0_Release|Any CPU
		{D68133BD-1E63-496E-9EDE-4FBDBF77B486}.silverlight_Debug|Any CPU.ActiveCfg = silverlight_Debug|Any CPU
		{D68133BD-1E63-496E-9EDE-4FBDBF77B486}.silverlight_Debug|Any CPU.Build.0 = silverlight_Debug|Any CPU
		{D68133BD-1E63-496E-9EDE-4FBDBF77B486}.silverlight_Debug|x86.ActiveCfg = silverlight_Debug|Any CPU
		{D68133BD-1E63-496E-9EDE-4FBDBF77B486}.silverlight_Release|Any CPU.ActiveCfg = silverlight_Release|Any CPU
		{D68133BD-1E63-496E-9EDE-4FBDBF77B486}.silverlight_Release|Any CPU.Build.0 = silverlight_Release|Any CPU
		{D68133BD-1E63-496E-9EDE-4FBDBF77B486}.silverlight_Release|x86.ActiveCfg = silverlight_Release|Any CPU
		{D68133BD-1E63-496E-9EDE-4FBDBF77B486}.winphone_Debug|Any CPU.ActiveCfg = winphone_Debug|Any CPU
		{D68133BD-1E63-496E-9EDE-4FBDBF77B486}.winphone_Debug|Any CPU.Build.0 = winphone_Debug|Any CPU
		{D68133BD-1E63-496E-9EDE-4FBDBF77B486}.winphone_Debug|x86.ActiveCfg = winphone_Debug|Any CPU
		{D68133BD-1E63-496E-9EDE-4FBDBF77B486}.winphone_Release|Any CPU.ActiveCfg = winphone_Release|Any CPU
		{D68133BD-1E63-496E-9EDE-4FBDBF77B486}.winphone_Release|Any CPU.Build.0 = winphone_Release|Any CPU
		{D68133BD-1E63-496E-9EDE-4FBDBF77B486}.winphone_Release|x86.ActiveCfg = winphone_Release|Any CPU
		{6C55B776-26D4-4DB3-A6AB-87E783B2F3D1}.Debug|Any CPU.ActiveCfg = Debug|Any CPU
		{6C55B776-26D4-4DB3-A6AB-87E783B2F3D1}.Debug|Any CPU.Build.0 = Debug|Any CPU
		{6C55B776-26D4-4DB3-A6AB-87E783B2F3D1}.Debug|x86.ActiveCfg = Debug|Any CPU
		{6C55B776-26D4-4DB3-A6AB-87E783B2F3D1}.Debug|x86.Build.0 = Debug|Any CPU
		{6C55B776-26D4-4DB3-A6AB-87E783B2F3D1}.net_2_0_Debug|Any CPU.ActiveCfg = Debug|Any CPU
		{6C55B776-26D4-4DB3-A6AB-87E783B2F3D1}.net_2_0_Debug|Any CPU.Build.0 = Debug|Any CPU
		{6C55B776-26D4-4DB3-A6AB-87E783B2F3D1}.net_2_0_Debug|x86.ActiveCfg = Debug|Any CPU
		{6C55B776-26D4-4DB3-A6AB-87E783B2F3D1}.net_2_0_Release|Any CPU.ActiveCfg = Release|Any CPU
		{6C55B776-26D4-4DB3-A6AB-87E783B2F3D1}.net_2_0_Release|Any CPU.Build.0 = Release|Any CPU
		{6C55B776-26D4-4DB3-A6AB-87E783B2F3D1}.net_2_0_Release|x86.ActiveCfg = Release|Any CPU
		{6C55B776-26D4-4DB3-A6AB-87E783B2F3D1}.net_3_5_Debug|Any CPU.ActiveCfg = Debug|Any CPU
		{6C55B776-26D4-4DB3-A6AB-87E783B2F3D1}.net_3_5_Debug|Any CPU.Build.0 = Debug|Any CPU
		{6C55B776-26D4-4DB3-A6AB-87E783B2F3D1}.net_3_5_Debug|x86.ActiveCfg = Debug|Any CPU
		{6C55B776-26D4-4DB3-A6AB-87E783B2F3D1}.net_3_5_Release|Any CPU.ActiveCfg = Release|Any CPU
		{6C55B776-26D4-4DB3-A6AB-87E783B2F3D1}.net_3_5_Release|Any CPU.Build.0 = Release|Any CPU
		{6C55B776-26D4-4DB3-A6AB-87E783B2F3D1}.net_3_5_Release|x86.ActiveCfg = Release|Any CPU
		{6C55B776-26D4-4DB3-A6AB-87E783B2F3D1}.net_4_0_Debug|Any CPU.ActiveCfg = Debug|Any CPU
		{6C55B776-26D4-4DB3-A6AB-87E783B2F3D1}.net_4_0_Debug|Any CPU.Build.0 = Debug|Any CPU
		{6C55B776-26D4-4DB3-A6AB-87E783B2F3D1}.net_4_0_Debug|x86.ActiveCfg = Debug|Any CPU
		{6C55B776-26D4-4DB3-A6AB-87E783B2F3D1}.net_4_0_Release|Any CPU.ActiveCfg = Release|Any CPU
		{6C55B776-26D4-4DB3-A6AB-87E783B2F3D1}.net_4_0_Release|Any CPU.Build.0 = Release|Any CPU
		{6C55B776-26D4-4DB3-A6AB-87E783B2F3D1}.net_4_0_Release|x86.ActiveCfg = Release|Any CPU
		{6C55B776-26D4-4DB3-A6AB-87E783B2F3D1}.net_4_5_Debug|Any CPU.ActiveCfg = Debug|Any CPU
		{6C55B776-26D4-4DB3-A6AB-87E783B2F3D1}.net_4_5_Debug|Any CPU.Build.0 = Debug|Any CPU
		{6C55B776-26D4-4DB3-A6AB-87E783B2F3D1}.net_4_5_Debug|x86.ActiveCfg = Debug|Any CPU
		{6C55B776-26D4-4DB3-A6AB-87E783B2F3D1}.net_4_5_Release|Any CPU.ActiveCfg = Release|Any CPU
		{6C55B776-26D4-4DB3-A6AB-87E783B2F3D1}.net_4_5_Release|Any CPU.Build.0 = Release|Any CPU
		{6C55B776-26D4-4DB3-A6AB-87E783B2F3D1}.net_4_5_Release|x86.ActiveCfg = Release|Any CPU
		{6C55B776-26D4-4DB3-A6AB-87E783B2F3D1}.Release|Any CPU.ActiveCfg = Release|Any CPU
		{6C55B776-26D4-4DB3-A6AB-87E783B2F3D1}.Release|Any CPU.Build.0 = Release|Any CPU
		{6C55B776-26D4-4DB3-A6AB-87E783B2F3D1}.Release|x86.ActiveCfg = Release|Any CPU
		{6C55B776-26D4-4DB3-A6AB-87E783B2F3D1}.Release|x86.Build.0 = Release|Any CPU
		{6C55B776-26D4-4DB3-A6AB-87E783B2F3D1}.silverlight_Debug|Any CPU.ActiveCfg = Debug|Any CPU
		{6C55B776-26D4-4DB3-A6AB-87E783B2F3D1}.silverlight_Debug|Any CPU.Build.0 = Debug|Any CPU
		{6C55B776-26D4-4DB3-A6AB-87E783B2F3D1}.silverlight_Debug|x86.ActiveCfg = Debug|Any CPU
		{6C55B776-26D4-4DB3-A6AB-87E783B2F3D1}.silverlight_Release|Any CPU.ActiveCfg = Release|Any CPU
		{6C55B776-26D4-4DB3-A6AB-87E783B2F3D1}.silverlight_Release|Any CPU.Build.0 = Release|Any CPU
		{6C55B776-26D4-4DB3-A6AB-87E783B2F3D1}.silverlight_Release|x86.ActiveCfg = Release|Any CPU
		{6C55B776-26D4-4DB3-A6AB-87E783B2F3D1}.winphone_Debug|Any CPU.ActiveCfg = Debug|Any CPU
		{6C55B776-26D4-4DB3-A6AB-87E783B2F3D1}.winphone_Debug|Any CPU.Build.0 = Debug|Any CPU
		{6C55B776-26D4-4DB3-A6AB-87E783B2F3D1}.winphone_Debug|x86.ActiveCfg = Debug|Any CPU
		{6C55B776-26D4-4DB3-A6AB-87E783B2F3D1}.winphone_Release|Any CPU.ActiveCfg = Release|Any CPU
		{6C55B776-26D4-4DB3-A6AB-87E783B2F3D1}.winphone_Release|Any CPU.Build.0 = Release|Any CPU
		{6C55B776-26D4-4DB3-A6AB-87E783B2F3D1}.winphone_Release|x86.ActiveCfg = Release|Any CPU
		{984CC812-9470-4A13-AFF9-CC44068D666C}.Debug|Any CPU.ActiveCfg = Debug|Any CPU
		{984CC812-9470-4A13-AFF9-CC44068D666C}.Debug|Any CPU.Build.0 = Debug|Any CPU
		{984CC812-9470-4A13-AFF9-CC44068D666C}.Debug|x86.ActiveCfg = Debug|Any CPU
		{984CC812-9470-4A13-AFF9-CC44068D666C}.Debug|x86.Build.0 = Debug|Any CPU
		{984CC812-9470-4A13-AFF9-CC44068D666C}.net_2_0_Debug|Any CPU.ActiveCfg = Debug|Any CPU
		{984CC812-9470-4A13-AFF9-CC44068D666C}.net_2_0_Debug|Any CPU.Build.0 = Debug|Any CPU
		{984CC812-9470-4A13-AFF9-CC44068D666C}.net_2_0_Debug|x86.ActiveCfg = Debug|Any CPU
		{984CC812-9470-4A13-AFF9-CC44068D666C}.net_2_0_Release|Any CPU.ActiveCfg = Release|Any CPU
		{984CC812-9470-4A13-AFF9-CC44068D666C}.net_2_0_Release|Any CPU.Build.0 = Release|Any CPU
		{984CC812-9470-4A13-AFF9-CC44068D666C}.net_2_0_Release|x86.ActiveCfg = Release|Any CPU
		{984CC812-9470-4A13-AFF9-CC44068D666C}.net_3_5_Debug|Any CPU.ActiveCfg = Debug|Any CPU
		{984CC812-9470-4A13-AFF9-CC44068D666C}.net_3_5_Debug|Any CPU.Build.0 = Debug|Any CPU
		{984CC812-9470-4A13-AFF9-CC44068D666C}.net_3_5_Debug|x86.ActiveCfg = Debug|Any CPU
		{984CC812-9470-4A13-AFF9-CC44068D666C}.net_3_5_Release|Any CPU.ActiveCfg = Release|Any CPU
		{984CC812-9470-4A13-AFF9-CC44068D666C}.net_3_5_Release|Any CPU.Build.0 = Release|Any CPU
		{984CC812-9470-4A13-AFF9-CC44068D666C}.net_3_5_Release|x86.ActiveCfg = Release|Any CPU
		{984CC812-9470-4A13-AFF9-CC44068D666C}.net_4_0_Debug|Any CPU.ActiveCfg = Debug|Any CPU
		{984CC812-9470-4A13-AFF9-CC44068D666C}.net_4_0_Debug|Any CPU.Build.0 = Debug|Any CPU
		{984CC812-9470-4A13-AFF9-CC44068D666C}.net_4_0_Debug|x86.ActiveCfg = Debug|Any CPU
		{984CC812-9470-4A13-AFF9-CC44068D666C}.net_4_0_Release|Any CPU.ActiveCfg = Release|Any CPU
		{984CC812-9470-4A13-AFF9-CC44068D666C}.net_4_0_Release|Any CPU.Build.0 = Release|Any CPU
		{984CC812-9470-4A13-AFF9-CC44068D666C}.net_4_0_Release|x86.ActiveCfg = Release|Any CPU
		{984CC812-9470-4A13-AFF9-CC44068D666C}.net_4_5_Debug|Any CPU.ActiveCfg = Debug|Any CPU
		{984CC812-9470-4A13-AFF9-CC44068D666C}.net_4_5_Debug|Any CPU.Build.0 = Debug|Any CPU
		{984CC812-9470-4A13-AFF9-CC44068D666C}.net_4_5_Debug|x86.ActiveCfg = Debug|Any CPU
		{984CC812-9470-4A13-AFF9-CC44068D666C}.net_4_5_Release|Any CPU.ActiveCfg = Release|Any CPU
		{984CC812-9470-4A13-AFF9-CC44068D666C}.net_4_5_Release|Any CPU.Build.0 = Release|Any CPU
		{984CC812-9470-4A13-AFF9-CC44068D666C}.net_4_5_Release|x86.ActiveCfg = Release|Any CPU
		{984CC812-9470-4A13-AFF9-CC44068D666C}.Release|Any CPU.ActiveCfg = Release|Any CPU
		{984CC812-9470-4A13-AFF9-CC44068D666C}.Release|Any CPU.Build.0 = Release|Any CPU
		{984CC812-9470-4A13-AFF9-CC44068D666C}.Release|x86.ActiveCfg = Release|Any CPU
		{984CC812-9470-4A13-AFF9-CC44068D666C}.Release|x86.Build.0 = Release|Any CPU
		{984CC812-9470-4A13-AFF9-CC44068D666C}.silverlight_Debug|Any CPU.ActiveCfg = Debug|Any CPU
		{984CC812-9470-4A13-AFF9-CC44068D666C}.silverlight_Debug|Any CPU.Build.0 = Debug|Any CPU
		{984CC812-9470-4A13-AFF9-CC44068D666C}.silverlight_Debug|x86.ActiveCfg = Debug|Any CPU
		{984CC812-9470-4A13-AFF9-CC44068D666C}.silverlight_Release|Any CPU.ActiveCfg = Release|Any CPU
		{984CC812-9470-4A13-AFF9-CC44068D666C}.silverlight_Release|Any CPU.Build.0 = Release|Any CPU
		{984CC812-9470-4A13-AFF9-CC44068D666C}.silverlight_Release|x86.ActiveCfg = Release|Any CPU
		{984CC812-9470-4A13-AFF9-CC44068D666C}.winphone_Debug|Any CPU.ActiveCfg = Debug|Any CPU
		{984CC812-9470-4A13-AFF9-CC44068D666C}.winphone_Debug|Any CPU.Build.0 = Debug|Any CPU
		{984CC812-9470-4A13-AFF9-CC44068D666C}.winphone_Debug|x86.ActiveCfg = Debug|Any CPU
		{984CC812-9470-4A13-AFF9-CC44068D666C}.winphone_Release|Any CPU.ActiveCfg = Release|Any CPU
		{984CC812-9470-4A13-AFF9-CC44068D666C}.winphone_Release|Any CPU.Build.0 = Release|Any CPU
		{984CC812-9470-4A13-AFF9-CC44068D666C}.winphone_Release|x86.ActiveCfg = Release|Any CPU
		{3B2A5653-EC97-4001-BB9B-D90F1AF2C371}.Debug|Any CPU.ActiveCfg = Debug|Any CPU
		{3B2A5653-EC97-4001-BB9B-D90F1AF2C371}.Debug|Any CPU.Build.0 = Debug|Any CPU
		{3B2A5653-EC97-4001-BB9B-D90F1AF2C371}.Debug|x86.ActiveCfg = Debug|Any CPU
		{3B2A5653-EC97-4001-BB9B-D90F1AF2C371}.Debug|x86.Build.0 = Debug|Any CPU
		{3B2A5653-EC97-4001-BB9B-D90F1AF2C371}.net_2_0_Debug|Any CPU.ActiveCfg = Debug|Any CPU
		{3B2A5653-EC97-4001-BB9B-D90F1AF2C371}.net_2_0_Debug|Any CPU.Build.0 = Debug|Any CPU
		{3B2A5653-EC97-4001-BB9B-D90F1AF2C371}.net_2_0_Debug|x86.ActiveCfg = Debug|Any CPU
		{3B2A5653-EC97-4001-BB9B-D90F1AF2C371}.net_2_0_Release|Any CPU.ActiveCfg = Release|Any CPU
		{3B2A5653-EC97-4001-BB9B-D90F1AF2C371}.net_2_0_Release|Any CPU.Build.0 = Release|Any CPU
		{3B2A5653-EC97-4001-BB9B-D90F1AF2C371}.net_2_0_Release|x86.ActiveCfg = Release|Any CPU
		{3B2A5653-EC97-4001-BB9B-D90F1AF2C371}.net_3_5_Debug|Any CPU.ActiveCfg = Debug|Any CPU
		{3B2A5653-EC97-4001-BB9B-D90F1AF2C371}.net_3_5_Debug|Any CPU.Build.0 = Debug|Any CPU
		{3B2A5653-EC97-4001-BB9B-D90F1AF2C371}.net_3_5_Debug|x86.ActiveCfg = Debug|Any CPU
		{3B2A5653-EC97-4001-BB9B-D90F1AF2C371}.net_3_5_Release|Any CPU.ActiveCfg = Release|Any CPU
		{3B2A5653-EC97-4001-BB9B-D90F1AF2C371}.net_3_5_Release|Any CPU.Build.0 = Release|Any CPU
		{3B2A5653-EC97-4001-BB9B-D90F1AF2C371}.net_3_5_Release|x86.ActiveCfg = Release|Any CPU
		{3B2A5653-EC97-4001-BB9B-D90F1AF2C371}.net_4_0_Debug|Any CPU.ActiveCfg = Debug|Any CPU
		{3B2A5653-EC97-4001-BB9B-D90F1AF2C371}.net_4_0_Debug|Any CPU.Build.0 = Debug|Any CPU
		{3B2A5653-EC97-4001-BB9B-D90F1AF2C371}.net_4_0_Debug|x86.ActiveCfg = Debug|Any CPU
		{3B2A5653-EC97-4001-BB9B-D90F1AF2C371}.net_4_0_Release|Any CPU.ActiveCfg = Release|Any CPU
		{3B2A5653-EC97-4001-BB9B-D90F1AF2C371}.net_4_0_Release|Any CPU.Build.0 = Release|Any CPU
		{3B2A5653-EC97-4001-BB9B-D90F1AF2C371}.net_4_0_Release|x86.ActiveCfg = Release|Any CPU
		{3B2A5653-EC97-4001-BB9B-D90F1AF2C371}.net_4_5_Debug|Any CPU.ActiveCfg = Debug|Any CPU
		{3B2A5653-EC97-4001-BB9B-D90F1AF2C371}.net_4_5_Debug|Any CPU.Build.0 = Debug|Any CPU
		{3B2A5653-EC97-4001-BB9B-D90F1AF2C371}.net_4_5_Debug|x86.ActiveCfg = Debug|Any CPU
		{3B2A5653-EC97-4001-BB9B-D90F1AF2C371}.net_4_5_Release|Any CPU.ActiveCfg = Release|Any CPU
		{3B2A5653-EC97-4001-BB9B-D90F1AF2C371}.net_4_5_Release|Any CPU.Build.0 = Release|Any CPU
		{3B2A5653-EC97-4001-BB9B-D90F1AF2C371}.net_4_5_Release|x86.ActiveCfg = Release|Any CPU
		{3B2A5653-EC97-4001-BB9B-D90F1AF2C371}.Release|Any CPU.ActiveCfg = Release|Any CPU
		{3B2A5653-EC97-4001-BB9B-D90F1AF2C371}.Release|Any CPU.Build.0 = Release|Any CPU
		{3B2A5653-EC97-4001-BB9B-D90F1AF2C371}.Release|x86.ActiveCfg = Release|Any CPU
		{3B2A5653-EC97-4001-BB9B-D90F1AF2C371}.Release|x86.Build.0 = Release|Any CPU
		{3B2A5653-EC97-4001-BB9B-D90F1AF2C371}.silverlight_Debug|Any CPU.ActiveCfg = Debug|Any CPU
		{3B2A5653-EC97-4001-BB9B-D90F1AF2C371}.silverlight_Debug|Any CPU.Build.0 = Debug|Any CPU
		{3B2A5653-EC97-4001-BB9B-D90F1AF2C371}.silverlight_Debug|x86.ActiveCfg = Debug|Any CPU
		{3B2A5653-EC97-4001-BB9B-D90F1AF2C371}.silverlight_Release|Any CPU.ActiveCfg = Release|Any CPU
		{3B2A5653-EC97-4001-BB9B-D90F1AF2C371}.silverlight_Release|Any CPU.Build.0 = Release|Any CPU
		{3B2A5653-EC97-4001-BB9B-D90F1AF2C371}.silverlight_Release|x86.ActiveCfg = Release|Any CPU
		{3B2A5653-EC97-4001-BB9B-D90F1AF2C371}.winphone_Debug|Any CPU.ActiveCfg = Debug|Any CPU
		{3B2A5653-EC97-4001-BB9B-D90F1AF2C371}.winphone_Debug|Any CPU.Build.0 = Debug|Any CPU
		{3B2A5653-EC97-4001-BB9B-D90F1AF2C371}.winphone_Debug|x86.ActiveCfg = Debug|Any CPU
		{3B2A5653-EC97-4001-BB9B-D90F1AF2C371}.winphone_Release|Any CPU.ActiveCfg = Release|Any CPU
		{3B2A5653-EC97-4001-BB9B-D90F1AF2C371}.winphone_Release|Any CPU.Build.0 = Release|Any CPU
		{3B2A5653-EC97-4001-BB9B-D90F1AF2C371}.winphone_Release|x86.ActiveCfg = Release|Any CPU
		{FEC0DA52-C4A6-4710-BE36-B484A20C5E22}.Debug|Any CPU.ActiveCfg = Debug|Any CPU
		{FEC0DA52-C4A6-4710-BE36-B484A20C5E22}.Debug|Any CPU.Build.0 = Debug|Any CPU
		{FEC0DA52-C4A6-4710-BE36-B484A20C5E22}.Debug|x86.ActiveCfg = Debug|x86
		{FEC0DA52-C4A6-4710-BE36-B484A20C5E22}.Debug|x86.Build.0 = Debug|x86
		{FEC0DA52-C4A6-4710-BE36-B484A20C5E22}.net_2_0_Debug|Any CPU.ActiveCfg = Debug|Any CPU
		{FEC0DA52-C4A6-4710-BE36-B484A20C5E22}.net_2_0_Debug|Any CPU.Build.0 = Debug|Any CPU
		{FEC0DA52-C4A6-4710-BE36-B484A20C5E22}.net_2_0_Debug|x86.ActiveCfg = Debug|x86
		{FEC0DA52-C4A6-4710-BE36-B484A20C5E22}.net_2_0_Debug|x86.Build.0 = Debug|x86
		{FEC0DA52-C4A6-4710-BE36-B484A20C5E22}.net_2_0_Release|Any CPU.ActiveCfg = Release|Any CPU
		{FEC0DA52-C4A6-4710-BE36-B484A20C5E22}.net_2_0_Release|Any CPU.Build.0 = Release|Any CPU
		{FEC0DA52-C4A6-4710-BE36-B484A20C5E22}.net_2_0_Release|x86.ActiveCfg = Release|x86
		{FEC0DA52-C4A6-4710-BE36-B484A20C5E22}.net_2_0_Release|x86.Build.0 = Release|x86
		{FEC0DA52-C4A6-4710-BE36-B484A20C5E22}.net_3_5_Debug|Any CPU.ActiveCfg = Debug|Any CPU
		{FEC0DA52-C4A6-4710-BE36-B484A20C5E22}.net_3_5_Debug|Any CPU.Build.0 = Debug|Any CPU
		{FEC0DA52-C4A6-4710-BE36-B484A20C5E22}.net_3_5_Debug|x86.ActiveCfg = Debug|x86
		{FEC0DA52-C4A6-4710-BE36-B484A20C5E22}.net_3_5_Debug|x86.Build.0 = Debug|x86
		{FEC0DA52-C4A6-4710-BE36-B484A20C5E22}.net_3_5_Release|Any CPU.ActiveCfg = Release|Any CPU
		{FEC0DA52-C4A6-4710-BE36-B484A20C5E22}.net_3_5_Release|Any CPU.Build.0 = Release|Any CPU
		{FEC0DA52-C4A6-4710-BE36-B484A20C5E22}.net_3_5_Release|x86.ActiveCfg = Release|x86
		{FEC0DA52-C4A6-4710-BE36-B484A20C5E22}.net_3_5_Release|x86.Build.0 = Release|x86
		{FEC0DA52-C4A6-4710-BE36-B484A20C5E22}.net_4_0_Debug|Any CPU.ActiveCfg = Debug|Any CPU
		{FEC0DA52-C4A6-4710-BE36-B484A20C5E22}.net_4_0_Debug|Any CPU.Build.0 = Debug|Any CPU
		{FEC0DA52-C4A6-4710-BE36-B484A20C5E22}.net_4_0_Debug|x86.ActiveCfg = Debug|x86
		{FEC0DA52-C4A6-4710-BE36-B484A20C5E22}.net_4_0_Debug|x86.Build.0 = Debug|x86
		{FEC0DA52-C4A6-4710-BE36-B484A20C5E22}.net_4_0_Release|Any CPU.ActiveCfg = Release|Any CPU
		{FEC0DA52-C4A6-4710-BE36-B484A20C5E22}.net_4_0_Release|Any CPU.Build.0 = Release|Any CPU
		{FEC0DA52-C4A6-4710-BE36-B484A20C5E22}.net_4_0_Release|x86.ActiveCfg = Release|x86
		{FEC0DA52-C4A6-4710-BE36-B484A20C5E22}.net_4_0_Release|x86.Build.0 = Release|x86
		{FEC0DA52-C4A6-4710-BE36-B484A20C5E22}.net_4_5_Debug|Any CPU.ActiveCfg = Debug|Any CPU
		{FEC0DA52-C4A6-4710-BE36-B484A20C5E22}.net_4_5_Debug|Any CPU.Build.0 = Debug|Any CPU
		{FEC0DA52-C4A6-4710-BE36-B484A20C5E22}.net_4_5_Debug|x86.ActiveCfg = Debug|x86
		{FEC0DA52-C4A6-4710-BE36-B484A20C5E22}.net_4_5_Debug|x86.Build.0 = Debug|x86
		{FEC0DA52-C4A6-4710-BE36-B484A20C5E22}.net_4_5_Release|Any CPU.ActiveCfg = Release|Any CPU
		{FEC0DA52-C4A6-4710-BE36-B484A20C5E22}.net_4_5_Release|Any CPU.Build.0 = Release|Any CPU
		{FEC0DA52-C4A6-4710-BE36-B484A20C5E22}.net_4_5_Release|x86.ActiveCfg = Release|x86
		{FEC0DA52-C4A6-4710-BE36-B484A20C5E22}.net_4_5_Release|x86.Build.0 = Release|x86
		{FEC0DA52-C4A6-4710-BE36-B484A20C5E22}.Release|Any CPU.ActiveCfg = Release|Any CPU
		{FEC0DA52-C4A6-4710-BE36-B484A20C5E22}.Release|Any CPU.Build.0 = Release|Any CPU
		{FEC0DA52-C4A6-4710-BE36-B484A20C5E22}.Release|x86.ActiveCfg = Release|x86
		{FEC0DA52-C4A6-4710-BE36-B484A20C5E22}.Release|x86.Build.0 = Release|x86
		{FEC0DA52-C4A6-4710-BE36-B484A20C5E22}.silverlight_Debug|Any CPU.ActiveCfg = Debug|Any CPU
		{FEC0DA52-C4A6-4710-BE36-B484A20C5E22}.silverlight_Debug|Any CPU.Build.0 = Debug|Any CPU
		{FEC0DA52-C4A6-4710-BE36-B484A20C5E22}.silverlight_Debug|x86.ActiveCfg = Debug|x86
		{FEC0DA52-C4A6-4710-BE36-B484A20C5E22}.silverlight_Debug|x86.Build.0 = Debug|x86
		{FEC0DA52-C4A6-4710-BE36-B484A20C5E22}.silverlight_Release|Any CPU.ActiveCfg = Release|Any CPU
		{FEC0DA52-C4A6-4710-BE36-B484A20C5E22}.silverlight_Release|Any CPU.Build.0 = Release|Any CPU
		{FEC0DA52-C4A6-4710-BE36-B484A20C5E22}.silverlight_Release|x86.ActiveCfg = Release|x86
		{FEC0DA52-C4A6-4710-BE36-B484A20C5E22}.silverlight_Release|x86.Build.0 = Release|x86
		{FEC0DA52-C4A6-4710-BE36-B484A20C5E22}.winphone_Debug|Any CPU.ActiveCfg = Debug|Any CPU
		{FEC0DA52-C4A6-4710-BE36-B484A20C5E22}.winphone_Debug|Any CPU.Build.0 = Debug|Any CPU
		{FEC0DA52-C4A6-4710-BE36-B484A20C5E22}.winphone_Debug|x86.ActiveCfg = Debug|x86
		{FEC0DA52-C4A6-4710-BE36-B484A20C5E22}.winphone_Debug|x86.Build.0 = Debug|x86
		{FEC0DA52-C4A6-4710-BE36-B484A20C5E22}.winphone_Release|Any CPU.ActiveCfg = Release|Any CPU
		{FEC0DA52-C4A6-4710-BE36-B484A20C5E22}.winphone_Release|Any CPU.Build.0 = Release|Any CPU
		{FEC0DA52-C4A6-4710-BE36-B484A20C5E22}.winphone_Release|x86.ActiveCfg = Release|x86
		{FEC0DA52-C4A6-4710-BE36-B484A20C5E22}.winphone_Release|x86.Build.0 = Release|x86
		{F32EBCC8-0E53-4421-867E-05B3D6E10C70}.Debug|Any CPU.ActiveCfg = Debug|Any CPU
		{F32EBCC8-0E53-4421-867E-05B3D6E10C70}.Debug|Any CPU.Build.0 = Debug|Any CPU
		{F32EBCC8-0E53-4421-867E-05B3D6E10C70}.Debug|x86.ActiveCfg = Debug|Any CPU
		{F32EBCC8-0E53-4421-867E-05B3D6E10C70}.Debug|x86.Build.0 = Debug|Any CPU
		{F32EBCC8-0E53-4421-867E-05B3D6E10C70}.net_2_0_Debug|Any CPU.ActiveCfg = Debug|Any CPU
		{F32EBCC8-0E53-4421-867E-05B3D6E10C70}.net_2_0_Debug|Any CPU.Build.0 = Debug|Any CPU
		{F32EBCC8-0E53-4421-867E-05B3D6E10C70}.net_2_0_Debug|x86.ActiveCfg = Debug|Any CPU
		{F32EBCC8-0E53-4421-867E-05B3D6E10C70}.net_2_0_Release|Any CPU.ActiveCfg = Release|Any CPU
		{F32EBCC8-0E53-4421-867E-05B3D6E10C70}.net_2_0_Release|Any CPU.Build.0 = Release|Any CPU
		{F32EBCC8-0E53-4421-867E-05B3D6E10C70}.net_2_0_Release|x86.ActiveCfg = Release|Any CPU
		{F32EBCC8-0E53-4421-867E-05B3D6E10C70}.net_3_5_Debug|Any CPU.ActiveCfg = Debug|Any CPU
		{F32EBCC8-0E53-4421-867E-05B3D6E10C70}.net_3_5_Debug|Any CPU.Build.0 = Debug|Any CPU
		{F32EBCC8-0E53-4421-867E-05B3D6E10C70}.net_3_5_Debug|x86.ActiveCfg = Debug|Any CPU
		{F32EBCC8-0E53-4421-867E-05B3D6E10C70}.net_3_5_Release|Any CPU.ActiveCfg = Release|Any CPU
		{F32EBCC8-0E53-4421-867E-05B3D6E10C70}.net_3_5_Release|Any CPU.Build.0 = Release|Any CPU
		{F32EBCC8-0E53-4421-867E-05B3D6E10C70}.net_3_5_Release|x86.ActiveCfg = Release|Any CPU
		{F32EBCC8-0E53-4421-867E-05B3D6E10C70}.net_4_0_Debug|Any CPU.ActiveCfg = Debug|Any CPU
		{F32EBCC8-0E53-4421-867E-05B3D6E10C70}.net_4_0_Debug|Any CPU.Build.0 = Debug|Any CPU
		{F32EBCC8-0E53-4421-867E-05B3D6E10C70}.net_4_0_Debug|x86.ActiveCfg = Debug|Any CPU
		{F32EBCC8-0E53-4421-867E-05B3D6E10C70}.net_4_0_Release|Any CPU.ActiveCfg = Release|Any CPU
		{F32EBCC8-0E53-4421-867E-05B3D6E10C70}.net_4_0_Release|Any CPU.Build.0 = Release|Any CPU
		{F32EBCC8-0E53-4421-867E-05B3D6E10C70}.net_4_0_Release|x86.ActiveCfg = Release|Any CPU
		{F32EBCC8-0E53-4421-867E-05B3D6E10C70}.net_4_5_Debug|Any CPU.ActiveCfg = Debug|Any CPU
		{F32EBCC8-0E53-4421-867E-05B3D6E10C70}.net_4_5_Debug|Any CPU.Build.0 = Debug|Any CPU
		{F32EBCC8-0E53-4421-867E-05B3D6E10C70}.net_4_5_Debug|x86.ActiveCfg = Debug|Any CPU
		{F32EBCC8-0E53-4421-867E-05B3D6E10C70}.net_4_5_Release|Any CPU.ActiveCfg = Release|Any CPU
		{F32EBCC8-0E53-4421-867E-05B3D6E10C70}.net_4_5_Release|Any CPU.Build.0 = Release|Any CPU
		{F32EBCC8-0E53-4421-867E-05B3D6E10C70}.net_4_5_Release|x86.ActiveCfg = Release|Any CPU
		{F32EBCC8-0E53-4421-867E-05B3D6E10C70}.Release|Any CPU.ActiveCfg = Release|Any CPU
		{F32EBCC8-0E53-4421-867E-05B3D6E10C70}.Release|Any CPU.Build.0 = Release|Any CPU
		{F32EBCC8-0E53-4421-867E-05B3D6E10C70}.Release|x86.ActiveCfg = Release|Any CPU
		{F32EBCC8-0E53-4421-867E-05B3D6E10C70}.Release|x86.Build.0 = Release|Any CPU
		{F32EBCC8-0E53-4421-867E-05B3D6E10C70}.silverlight_Debug|Any CPU.ActiveCfg = Debug|Any CPU
		{F32EBCC8-0E53-4421-867E-05B3D6E10C70}.silverlight_Debug|Any CPU.Build.0 = Debug|Any CPU
		{F32EBCC8-0E53-4421-867E-05B3D6E10C70}.silverlight_Debug|x86.ActiveCfg = Debug|Any CPU
		{F32EBCC8-0E53-4421-867E-05B3D6E10C70}.silverlight_Release|Any CPU.ActiveCfg = Release|Any CPU
		{F32EBCC8-0E53-4421-867E-05B3D6E10C70}.silverlight_Release|Any CPU.Build.0 = Release|Any CPU
		{F32EBCC8-0E53-4421-867E-05B3D6E10C70}.silverlight_Release|x86.ActiveCfg = Release|Any CPU
		{F32EBCC8-0E53-4421-867E-05B3D6E10C70}.winphone_Debug|Any CPU.ActiveCfg = Debug|Any CPU
		{F32EBCC8-0E53-4421-867E-05B3D6E10C70}.winphone_Debug|Any CPU.Build.0 = Debug|Any CPU
		{F32EBCC8-0E53-4421-867E-05B3D6E10C70}.winphone_Debug|x86.ActiveCfg = Debug|Any CPU
		{F32EBCC8-0E53-4421-867E-05B3D6E10C70}.winphone_Release|Any CPU.ActiveCfg = Release|Any CPU
		{F32EBCC8-0E53-4421-867E-05B3D6E10C70}.winphone_Release|Any CPU.Build.0 = Release|Any CPU
		{F32EBCC8-0E53-4421-867E-05B3D6E10C70}.winphone_Release|x86.ActiveCfg = Release|Any CPU
		{63E6915C-7EA4-4D76-AB28-0D7191EEA626}.Debug|Any CPU.ActiveCfg = net_4_0_Debug|Any CPU
		{63E6915C-7EA4-4D76-AB28-0D7191EEA626}.Debug|Any CPU.Build.0 = net_4_0_Debug|Any CPU
		{63E6915C-7EA4-4D76-AB28-0D7191EEA626}.Debug|x86.ActiveCfg = net_4_0_Debug|Any CPU
		{63E6915C-7EA4-4D76-AB28-0D7191EEA626}.Debug|x86.Build.0 = net_4_0_Debug|Any CPU
		{63E6915C-7EA4-4D76-AB28-0D7191EEA626}.net_2_0_Debug|Any CPU.ActiveCfg = net_2_0_Debug|Any CPU
		{63E6915C-7EA4-4D76-AB28-0D7191EEA626}.net_2_0_Debug|Any CPU.Build.0 = net_2_0_Debug|Any CPU
		{63E6915C-7EA4-4D76-AB28-0D7191EEA626}.net_2_0_Debug|x86.ActiveCfg = net_2_0_Debug|Any CPU
		{63E6915C-7EA4-4D76-AB28-0D7191EEA626}.net_2_0_Release|Any CPU.ActiveCfg = net_2_0_Release|Any CPU
		{63E6915C-7EA4-4D76-AB28-0D7191EEA626}.net_2_0_Release|Any CPU.Build.0 = net_2_0_Release|Any CPU
		{63E6915C-7EA4-4D76-AB28-0D7191EEA626}.net_2_0_Release|x86.ActiveCfg = net_2_0_Release|Any CPU
		{63E6915C-7EA4-4D76-AB28-0D7191EEA626}.net_3_5_Debug|Any CPU.ActiveCfg = net_3_5_Debug|Any CPU
		{63E6915C-7EA4-4D76-AB28-0D7191EEA626}.net_3_5_Debug|Any CPU.Build.0 = net_3_5_Debug|Any CPU
		{63E6915C-7EA4-4D76-AB28-0D7191EEA626}.net_3_5_Debug|x86.ActiveCfg = net_3_5_Debug|Any CPU
		{63E6915C-7EA4-4D76-AB28-0D7191EEA626}.net_3_5_Release|Any CPU.ActiveCfg = net_3_5_Release|Any CPU
		{63E6915C-7EA4-4D76-AB28-0D7191EEA626}.net_3_5_Release|Any CPU.Build.0 = net_3_5_Release|Any CPU
		{63E6915C-7EA4-4D76-AB28-0D7191EEA626}.net_3_5_Release|x86.ActiveCfg = net_3_5_Release|Any CPU
		{63E6915C-7EA4-4D76-AB28-0D7191EEA626}.net_4_0_Debug|Any CPU.ActiveCfg = net_4_0_Debug|Any CPU
		{63E6915C-7EA4-4D76-AB28-0D7191EEA626}.net_4_0_Debug|Any CPU.Build.0 = net_4_0_Debug|Any CPU
		{63E6915C-7EA4-4D76-AB28-0D7191EEA626}.net_4_0_Debug|x86.ActiveCfg = net_4_0_Debug|Any CPU
		{63E6915C-7EA4-4D76-AB28-0D7191EEA626}.net_4_0_Release|Any CPU.ActiveCfg = net_4_0_Release|Any CPU
		{63E6915C-7EA4-4D76-AB28-0D7191EEA626}.net_4_0_Release|Any CPU.Build.0 = net_4_0_Release|Any CPU
		{63E6915C-7EA4-4D76-AB28-0D7191EEA626}.net_4_0_Release|x86.ActiveCfg = net_4_0_Release|Any CPU
		{63E6915C-7EA4-4D76-AB28-0D7191EEA626}.net_4_5_Debug|Any CPU.ActiveCfg = net_4_0_Release|Any CPU
		{63E6915C-7EA4-4D76-AB28-0D7191EEA626}.net_4_5_Debug|Any CPU.Build.0 = net_4_0_Release|Any CPU
		{63E6915C-7EA4-4D76-AB28-0D7191EEA626}.net_4_5_Debug|x86.ActiveCfg = net_4_0_Release|Any CPU
		{63E6915C-7EA4-4D76-AB28-0D7191EEA626}.net_4_5_Release|Any CPU.ActiveCfg = net_4_0_Release|Any CPU
		{63E6915C-7EA4-4D76-AB28-0D7191EEA626}.net_4_5_Release|Any CPU.Build.0 = net_4_0_Release|Any CPU
		{63E6915C-7EA4-4D76-AB28-0D7191EEA626}.net_4_5_Release|x86.ActiveCfg = net_4_0_Release|Any CPU
		{63E6915C-7EA4-4D76-AB28-0D7191EEA626}.Release|Any CPU.ActiveCfg = net_4_0_Release|Any CPU
		{63E6915C-7EA4-4D76-AB28-0D7191EEA626}.Release|Any CPU.Build.0 = net_4_0_Release|Any CPU
		{63E6915C-7EA4-4D76-AB28-0D7191EEA626}.Release|x86.ActiveCfg = net_4_0_Release|Any CPU
		{63E6915C-7EA4-4D76-AB28-0D7191EEA626}.Release|x86.Build.0 = net_4_0_Release|Any CPU
		{63E6915C-7EA4-4D76-AB28-0D7191EEA626}.silverlight_Debug|Any CPU.ActiveCfg = net_3_5_Release|Any CPU
		{63E6915C-7EA4-4D76-AB28-0D7191EEA626}.silverlight_Debug|Any CPU.Build.0 = net_3_5_Release|Any CPU
		{63E6915C-7EA4-4D76-AB28-0D7191EEA626}.silverlight_Debug|x86.ActiveCfg = net_3_5_Release|Any CPU
		{63E6915C-7EA4-4D76-AB28-0D7191EEA626}.silverlight_Release|Any CPU.ActiveCfg = net_3_5_Release|Any CPU
		{63E6915C-7EA4-4D76-AB28-0D7191EEA626}.silverlight_Release|Any CPU.Build.0 = net_3_5_Release|Any CPU
		{63E6915C-7EA4-4D76-AB28-0D7191EEA626}.silverlight_Release|x86.ActiveCfg = net_3_5_Release|Any CPU
		{63E6915C-7EA4-4D76-AB28-0D7191EEA626}.winphone_Debug|Any CPU.ActiveCfg = net_3_5_Release|Any CPU
		{63E6915C-7EA4-4D76-AB28-0D7191EEA626}.winphone_Debug|Any CPU.Build.0 = net_3_5_Release|Any CPU
		{63E6915C-7EA4-4D76-AB28-0D7191EEA626}.winphone_Debug|x86.ActiveCfg = net_3_5_Release|Any CPU
		{63E6915C-7EA4-4D76-AB28-0D7191EEA626}.winphone_Release|Any CPU.ActiveCfg = net_3_5_Release|Any CPU
		{63E6915C-7EA4-4D76-AB28-0D7191EEA626}.winphone_Release|Any CPU.Build.0 = net_3_5_Release|Any CPU
		{63E6915C-7EA4-4D76-AB28-0D7191EEA626}.winphone_Release|x86.ActiveCfg = net_3_5_Release|Any CPU
		{7B82B671-419F-45F4-B778-D9286F996EFA}.Debug|Any CPU.ActiveCfg = Debug|Any CPU
		{7B82B671-419F-45F4-B778-D9286F996EFA}.Debug|Any CPU.Build.0 = Debug|Any CPU
		{7B82B671-419F-45F4-B778-D9286F996EFA}.Debug|x86.ActiveCfg = Debug|Any CPU
		{7B82B671-419F-45F4-B778-D9286F996EFA}.Debug|x86.Build.0 = Debug|Any CPU
		{7B82B671-419F-45F4-B778-D9286F996EFA}.net_2_0_Debug|Any CPU.ActiveCfg = Debug|Any CPU
		{7B82B671-419F-45F4-B778-D9286F996EFA}.net_2_0_Debug|Any CPU.Build.0 = Debug|Any CPU
		{7B82B671-419F-45F4-B778-D9286F996EFA}.net_2_0_Debug|x86.ActiveCfg = Debug|Any CPU
		{7B82B671-419F-45F4-B778-D9286F996EFA}.net_2_0_Release|Any CPU.ActiveCfg = Release|Any CPU
		{7B82B671-419F-45F4-B778-D9286F996EFA}.net_2_0_Release|Any CPU.Build.0 = Release|Any CPU
		{7B82B671-419F-45F4-B778-D9286F996EFA}.net_2_0_Release|x86.ActiveCfg = Release|Any CPU
		{7B82B671-419F-45F4-B778-D9286F996EFA}.net_3_5_Debug|Any CPU.ActiveCfg = Debug|Any CPU
		{7B82B671-419F-45F4-B778-D9286F996EFA}.net_3_5_Debug|Any CPU.Build.0 = Debug|Any CPU
		{7B82B671-419F-45F4-B778-D9286F996EFA}.net_3_5_Debug|x86.ActiveCfg = Debug|Any CPU
		{7B82B671-419F-45F4-B778-D9286F996EFA}.net_3_5_Release|Any CPU.ActiveCfg = Release|Any CPU
		{7B82B671-419F-45F4-B778-D9286F996EFA}.net_3_5_Release|Any CPU.Build.0 = Release|Any CPU
		{7B82B671-419F-45F4-B778-D9286F996EFA}.net_3_5_Release|x86.ActiveCfg = Release|Any CPU
		{7B82B671-419F-45F4-B778-D9286F996EFA}.net_4_0_Debug|Any CPU.ActiveCfg = Debug|Any CPU
		{7B82B671-419F-45F4-B778-D9286F996EFA}.net_4_0_Debug|Any CPU.Build.0 = Debug|Any CPU
		{7B82B671-419F-45F4-B778-D9286F996EFA}.net_4_0_Debug|x86.ActiveCfg = Debug|Any CPU
		{7B82B671-419F-45F4-B778-D9286F996EFA}.net_4_0_Release|Any CPU.ActiveCfg = Release|Any CPU
		{7B82B671-419F-45F4-B778-D9286F996EFA}.net_4_0_Release|Any CPU.Build.0 = Release|Any CPU
		{7B82B671-419F-45F4-B778-D9286F996EFA}.net_4_0_Release|x86.ActiveCfg = Release|Any CPU
		{7B82B671-419F-45F4-B778-D9286F996EFA}.net_4_5_Debug|Any CPU.ActiveCfg = Debug|Any CPU
		{7B82B671-419F-45F4-B778-D9286F996EFA}.net_4_5_Debug|Any CPU.Build.0 = Debug|Any CPU
		{7B82B671-419F-45F4-B778-D9286F996EFA}.net_4_5_Debug|x86.ActiveCfg = Debug|Any CPU
		{7B82B671-419F-45F4-B778-D9286F996EFA}.net_4_5_Release|Any CPU.ActiveCfg = Release|Any CPU
		{7B82B671-419F-45F4-B778-D9286F996EFA}.net_4_5_Release|Any CPU.Build.0 = Release|Any CPU
		{7B82B671-419F-45F4-B778-D9286F996EFA}.net_4_5_Release|x86.ActiveCfg = Release|Any CPU
		{7B82B671-419F-45F4-B778-D9286F996EFA}.Release|Any CPU.ActiveCfg = Release|Any CPU
		{7B82B671-419F-45F4-B778-D9286F996EFA}.Release|Any CPU.Build.0 = Release|Any CPU
		{7B82B671-419F-45F4-B778-D9286F996EFA}.Release|x86.ActiveCfg = Release|Any CPU
		{7B82B671-419F-45F4-B778-D9286F996EFA}.Release|x86.Build.0 = Release|Any CPU
		{7B82B671-419F-45F4-B778-D9286F996EFA}.silverlight_Debug|Any CPU.ActiveCfg = Debug|Any CPU
		{7B82B671-419F-45F4-B778-D9286F996EFA}.silverlight_Debug|Any CPU.Build.0 = Debug|Any CPU
		{7B82B671-419F-45F4-B778-D9286F996EFA}.silverlight_Debug|x86.ActiveCfg = Debug|Any CPU
		{7B82B671-419F-45F4-B778-D9286F996EFA}.silverlight_Release|Any CPU.ActiveCfg = Release|Any CPU
		{7B82B671-419F-45F4-B778-D9286F996EFA}.silverlight_Release|Any CPU.Build.0 = Release|Any CPU
		{7B82B671-419F-45F4-B778-D9286F996EFA}.silverlight_Release|x86.ActiveCfg = Release|Any CPU
		{7B82B671-419F-45F4-B778-D9286F996EFA}.winphone_Debug|Any CPU.ActiveCfg = Debug|Any CPU
		{7B82B671-419F-45F4-B778-D9286F996EFA}.winphone_Debug|Any CPU.Build.0 = Debug|Any CPU
		{7B82B671-419F-45F4-B778-D9286F996EFA}.winphone_Debug|x86.ActiveCfg = Debug|Any CPU
		{7B82B671-419F-45F4-B778-D9286F996EFA}.winphone_Release|Any CPU.ActiveCfg = Release|Any CPU
		{7B82B671-419F-45F4-B778-D9286F996EFA}.winphone_Release|Any CPU.Build.0 = Release|Any CPU
		{7B82B671-419F-45F4-B778-D9286F996EFA}.winphone_Release|x86.ActiveCfg = Release|Any CPU
		{A6BAD2BA-76BA-461C-8B6D-418607591247}.Debug|Any CPU.ActiveCfg = Debug|Any CPU
		{A6BAD2BA-76BA-461C-8B6D-418607591247}.Debug|Any CPU.Build.0 = Debug|Any CPU
		{A6BAD2BA-76BA-461C-8B6D-418607591247}.Debug|x86.ActiveCfg = Debug|x86
		{A6BAD2BA-76BA-461C-8B6D-418607591247}.Debug|x86.Build.0 = Debug|x86
		{A6BAD2BA-76BA-461C-8B6D-418607591247}.net_2_0_Debug|Any CPU.ActiveCfg = Debug|Any CPU
		{A6BAD2BA-76BA-461C-8B6D-418607591247}.net_2_0_Debug|Any CPU.Build.0 = Debug|Any CPU
		{A6BAD2BA-76BA-461C-8B6D-418607591247}.net_2_0_Debug|x86.ActiveCfg = Debug|x86
		{A6BAD2BA-76BA-461C-8B6D-418607591247}.net_2_0_Debug|x86.Build.0 = Debug|x86
		{A6BAD2BA-76BA-461C-8B6D-418607591247}.net_2_0_Release|Any CPU.ActiveCfg = Release|Any CPU
		{A6BAD2BA-76BA-461C-8B6D-418607591247}.net_2_0_Release|Any CPU.Build.0 = Release|Any CPU
		{A6BAD2BA-76BA-461C-8B6D-418607591247}.net_2_0_Release|x86.ActiveCfg = Release|x86
		{A6BAD2BA-76BA-461C-8B6D-418607591247}.net_2_0_Release|x86.Build.0 = Release|x86
		{A6BAD2BA-76BA-461C-8B6D-418607591247}.net_3_5_Debug|Any CPU.ActiveCfg = Debug|Any CPU
		{A6BAD2BA-76BA-461C-8B6D-418607591247}.net_3_5_Debug|Any CPU.Build.0 = Debug|Any CPU
		{A6BAD2BA-76BA-461C-8B6D-418607591247}.net_3_5_Debug|x86.ActiveCfg = Debug|x86
		{A6BAD2BA-76BA-461C-8B6D-418607591247}.net_3_5_Debug|x86.Build.0 = Debug|x86
		{A6BAD2BA-76BA-461C-8B6D-418607591247}.net_3_5_Release|Any CPU.ActiveCfg = Release|Any CPU
		{A6BAD2BA-76BA-461C-8B6D-418607591247}.net_3_5_Release|Any CPU.Build.0 = Release|Any CPU
		{A6BAD2BA-76BA-461C-8B6D-418607591247}.net_3_5_Release|x86.ActiveCfg = Release|x86
		{A6BAD2BA-76BA-461C-8B6D-418607591247}.net_3_5_Release|x86.Build.0 = Release|x86
		{A6BAD2BA-76BA-461C-8B6D-418607591247}.net_4_0_Debug|Any CPU.ActiveCfg = Debug|Any CPU
		{A6BAD2BA-76BA-461C-8B6D-418607591247}.net_4_0_Debug|Any CPU.Build.0 = Debug|Any CPU
		{A6BAD2BA-76BA-461C-8B6D-418607591247}.net_4_0_Debug|x86.ActiveCfg = Debug|x86
		{A6BAD2BA-76BA-461C-8B6D-418607591247}.net_4_0_Debug|x86.Build.0 = Debug|x86
		{A6BAD2BA-76BA-461C-8B6D-418607591247}.net_4_0_Release|Any CPU.ActiveCfg = Release|Any CPU
		{A6BAD2BA-76BA-461C-8B6D-418607591247}.net_4_0_Release|Any CPU.Build.0 = Release|Any CPU
		{A6BAD2BA-76BA-461C-8B6D-418607591247}.net_4_0_Release|x86.ActiveCfg = Release|x86
		{A6BAD2BA-76BA-461C-8B6D-418607591247}.net_4_0_Release|x86.Build.0 = Release|x86
		{A6BAD2BA-76BA-461C-8B6D-418607591247}.net_4_5_Debug|Any CPU.ActiveCfg = Debug|Any CPU
		{A6BAD2BA-76BA-461C-8B6D-418607591247}.net_4_5_Debug|Any CPU.Build.0 = Debug|Any CPU
		{A6BAD2BA-76BA-461C-8B6D-418607591247}.net_4_5_Debug|x86.ActiveCfg = Debug|x86
		{A6BAD2BA-76BA-461C-8B6D-418607591247}.net_4_5_Debug|x86.Build.0 = Debug|x86
		{A6BAD2BA-76BA-461C-8B6D-418607591247}.net_4_5_Release|Any CPU.ActiveCfg = Release|Any CPU
		{A6BAD2BA-76BA-461C-8B6D-418607591247}.net_4_5_Release|Any CPU.Build.0 = Release|Any CPU
		{A6BAD2BA-76BA-461C-8B6D-418607591247}.net_4_5_Release|x86.ActiveCfg = Release|x86
		{A6BAD2BA-76BA-461C-8B6D-418607591247}.net_4_5_Release|x86.Build.0 = Release|x86
		{A6BAD2BA-76BA-461C-8B6D-418607591247}.Release|Any CPU.ActiveCfg = Release|Any CPU
		{A6BAD2BA-76BA-461C-8B6D-418607591247}.Release|Any CPU.Build.0 = Release|Any CPU
		{A6BAD2BA-76BA-461C-8B6D-418607591247}.Release|x86.ActiveCfg = Release|x86
		{A6BAD2BA-76BA-461C-8B6D-418607591247}.Release|x86.Build.0 = Release|x86
		{A6BAD2BA-76BA-461C-8B6D-418607591247}.silverlight_Debug|Any CPU.ActiveCfg = Debug|Any CPU
		{A6BAD2BA-76BA-461C-8B6D-418607591247}.silverlight_Debug|Any CPU.Build.0 = Debug|Any CPU
		{A6BAD2BA-76BA-461C-8B6D-418607591247}.silverlight_Debug|x86.ActiveCfg = Debug|x86
		{A6BAD2BA-76BA-461C-8B6D-418607591247}.silverlight_Debug|x86.Build.0 = Debug|x86
		{A6BAD2BA-76BA-461C-8B6D-418607591247}.silverlight_Release|Any CPU.ActiveCfg = Release|Any CPU
		{A6BAD2BA-76BA-461C-8B6D-418607591247}.silverlight_Release|Any CPU.Build.0 = Release|Any CPU
		{A6BAD2BA-76BA-461C-8B6D-418607591247}.silverlight_Release|x86.ActiveCfg = Release|x86
		{A6BAD2BA-76BA-461C-8B6D-418607591247}.silverlight_Release|x86.Build.0 = Release|x86
		{A6BAD2BA-76BA-461C-8B6D-418607591247}.winphone_Debug|Any CPU.ActiveCfg = Debug|Any CPU
		{A6BAD2BA-76BA-461C-8B6D-418607591247}.winphone_Debug|Any CPU.Build.0 = Debug|Any CPU
		{A6BAD2BA-76BA-461C-8B6D-418607591247}.winphone_Debug|x86.ActiveCfg = Debug|x86
		{A6BAD2BA-76BA-461C-8B6D-418607591247}.winphone_Debug|x86.Build.0 = Debug|x86
		{A6BAD2BA-76BA-461C-8B6D-418607591247}.winphone_Release|Any CPU.ActiveCfg = Release|Any CPU
		{A6BAD2BA-76BA-461C-8B6D-418607591247}.winphone_Release|Any CPU.Build.0 = Release|Any CPU
		{A6BAD2BA-76BA-461C-8B6D-418607591247}.winphone_Release|x86.ActiveCfg = Release|x86
		{A6BAD2BA-76BA-461C-8B6D-418607591247}.winphone_Release|x86.Build.0 = Release|x86
		{1169E6D1-1899-43D4-A500-07CE4235B388}.Debug|Any CPU.ActiveCfg = Debug|Any CPU
		{1169E6D1-1899-43D4-A500-07CE4235B388}.Debug|Any CPU.Build.0 = Debug|Any CPU
		{1169E6D1-1899-43D4-A500-07CE4235B388}.Debug|x86.ActiveCfg = Debug|x86
		{1169E6D1-1899-43D4-A500-07CE4235B388}.Debug|x86.Build.0 = Debug|x86
		{1169E6D1-1899-43D4-A500-07CE4235B388}.net_2_0_Debug|Any CPU.ActiveCfg = Debug|Any CPU
		{1169E6D1-1899-43D4-A500-07CE4235B388}.net_2_0_Debug|Any CPU.Build.0 = Debug|Any CPU
		{1169E6D1-1899-43D4-A500-07CE4235B388}.net_2_0_Debug|x86.ActiveCfg = Debug|x86
		{1169E6D1-1899-43D4-A500-07CE4235B388}.net_2_0_Debug|x86.Build.0 = Debug|x86
		{1169E6D1-1899-43D4-A500-07CE4235B388}.net_2_0_Release|Any CPU.ActiveCfg = Release|Any CPU
		{1169E6D1-1899-43D4-A500-07CE4235B388}.net_2_0_Release|Any CPU.Build.0 = Release|Any CPU
		{1169E6D1-1899-43D4-A500-07CE4235B388}.net_2_0_Release|x86.ActiveCfg = Release|x86
		{1169E6D1-1899-43D4-A500-07CE4235B388}.net_2_0_Release|x86.Build.0 = Release|x86
		{1169E6D1-1899-43D4-A500-07CE4235B388}.net_3_5_Debug|Any CPU.ActiveCfg = Debug|Any CPU
		{1169E6D1-1899-43D4-A500-07CE4235B388}.net_3_5_Debug|Any CPU.Build.0 = Debug|Any CPU
		{1169E6D1-1899-43D4-A500-07CE4235B388}.net_3_5_Debug|x86.ActiveCfg = Debug|x86
		{1169E6D1-1899-43D4-A500-07CE4235B388}.net_3_5_Debug|x86.Build.0 = Debug|x86
		{1169E6D1-1899-43D4-A500-07CE4235B388}.net_3_5_Release|Any CPU.ActiveCfg = Release|Any CPU
		{1169E6D1-1899-43D4-A500-07CE4235B388}.net_3_5_Release|Any CPU.Build.0 = Release|Any CPU
		{1169E6D1-1899-43D4-A500-07CE4235B388}.net_3_5_Release|x86.ActiveCfg = Release|x86
		{1169E6D1-1899-43D4-A500-07CE4235B388}.net_3_5_Release|x86.Build.0 = Release|x86
		{1169E6D1-1899-43D4-A500-07CE4235B388}.net_4_0_Debug|Any CPU.ActiveCfg = Debug|Any CPU
		{1169E6D1-1899-43D4-A500-07CE4235B388}.net_4_0_Debug|Any CPU.Build.0 = Debug|Any CPU
		{1169E6D1-1899-43D4-A500-07CE4235B388}.net_4_0_Debug|x86.ActiveCfg = Debug|x86
		{1169E6D1-1899-43D4-A500-07CE4235B388}.net_4_0_Debug|x86.Build.0 = Debug|x86
		{1169E6D1-1899-43D4-A500-07CE4235B388}.net_4_0_Release|Any CPU.ActiveCfg = Release|Any CPU
		{1169E6D1-1899-43D4-A500-07CE4235B388}.net_4_0_Release|Any CPU.Build.0 = Release|Any CPU
		{1169E6D1-1899-43D4-A500-07CE4235B388}.net_4_0_Release|x86.ActiveCfg = Release|x86
		{1169E6D1-1899-43D4-A500-07CE4235B388}.net_4_0_Release|x86.Build.0 = Release|x86
		{1169E6D1-1899-43D4-A500-07CE4235B388}.net_4_5_Debug|Any CPU.ActiveCfg = Debug|Any CPU
		{1169E6D1-1899-43D4-A500-07CE4235B388}.net_4_5_Debug|Any CPU.Build.0 = Debug|Any CPU
		{1169E6D1-1899-43D4-A500-07CE4235B388}.net_4_5_Debug|x86.ActiveCfg = Debug|x86
		{1169E6D1-1899-43D4-A500-07CE4235B388}.net_4_5_Debug|x86.Build.0 = Debug|x86
		{1169E6D1-1899-43D4-A500-07CE4235B388}.net_4_5_Release|Any CPU.ActiveCfg = Release|Any CPU
		{1169E6D1-1899-43D4-A500-07CE4235B388}.net_4_5_Release|Any CPU.Build.0 = Release|Any CPU
		{1169E6D1-1899-43D4-A500-07CE4235B388}.net_4_5_Release|x86.ActiveCfg = Release|x86
		{1169E6D1-1899-43D4-A500-07CE4235B388}.net_4_5_Release|x86.Build.0 = Release|x86
		{1169E6D1-1899-43D4-A500-07CE4235B388}.Release|Any CPU.ActiveCfg = Release|Any CPU
		{1169E6D1-1899-43D4-A500-07CE4235B388}.Release|Any CPU.Build.0 = Release|Any CPU
		{1169E6D1-1899-43D4-A500-07CE4235B388}.Release|x86.ActiveCfg = Release|x86
		{1169E6D1-1899-43D4-A500-07CE4235B388}.Release|x86.Build.0 = Release|x86
		{1169E6D1-1899-43D4-A500-07CE4235B388}.silverlight_Debug|Any CPU.ActiveCfg = Debug|Any CPU
		{1169E6D1-1899-43D4-A500-07CE4235B388}.silverlight_Debug|Any CPU.Build.0 = Debug|Any CPU
		{1169E6D1-1899-43D4-A500-07CE4235B388}.silverlight_Debug|x86.ActiveCfg = Debug|x86
		{1169E6D1-1899-43D4-A500-07CE4235B388}.silverlight_Debug|x86.Build.0 = Debug|x86
		{1169E6D1-1899-43D4-A500-07CE4235B388}.silverlight_Release|Any CPU.ActiveCfg = Release|Any CPU
		{1169E6D1-1899-43D4-A500-07CE4235B388}.silverlight_Release|Any CPU.Build.0 = Release|Any CPU
		{1169E6D1-1899-43D4-A500-07CE4235B388}.silverlight_Release|x86.ActiveCfg = Release|x86
		{1169E6D1-1899-43D4-A500-07CE4235B388}.silverlight_Release|x86.Build.0 = Release|x86
		{1169E6D1-1899-43D4-A500-07CE4235B388}.winphone_Debug|Any CPU.ActiveCfg = Debug|Any CPU
		{1169E6D1-1899-43D4-A500-07CE4235B388}.winphone_Debug|Any CPU.Build.0 = Debug|Any CPU
		{1169E6D1-1899-43D4-A500-07CE4235B388}.winphone_Debug|x86.ActiveCfg = Debug|x86
		{1169E6D1-1899-43D4-A500-07CE4235B388}.winphone_Debug|x86.Build.0 = Debug|x86
		{1169E6D1-1899-43D4-A500-07CE4235B388}.winphone_Release|Any CPU.ActiveCfg = Release|Any CPU
		{1169E6D1-1899-43D4-A500-07CE4235B388}.winphone_Release|Any CPU.Build.0 = Release|Any CPU
		{1169E6D1-1899-43D4-A500-07CE4235B388}.winphone_Release|x86.ActiveCfg = Release|x86
		{1169E6D1-1899-43D4-A500-07CE4235B388}.winphone_Release|x86.Build.0 = Release|x86
		{53DCA265-3C3C-42F9-B647-F72BA678122B}.Debug|Any CPU.ActiveCfg = Debug|Any CPU
		{53DCA265-3C3C-42F9-B647-F72BA678122B}.Debug|Any CPU.Build.0 = Debug|Any CPU
		{53DCA265-3C3C-42F9-B647-F72BA678122B}.Debug|x86.ActiveCfg = Debug|Any CPU
		{53DCA265-3C3C-42F9-B647-F72BA678122B}.Debug|x86.Build.0 = Debug|Any CPU
		{53DCA265-3C3C-42F9-B647-F72BA678122B}.net_2_0_Debug|Any CPU.ActiveCfg = Debug|Any CPU
		{53DCA265-3C3C-42F9-B647-F72BA678122B}.net_2_0_Debug|Any CPU.Build.0 = Debug|Any CPU
		{53DCA265-3C3C-42F9-B647-F72BA678122B}.net_2_0_Debug|x86.ActiveCfg = Debug|Any CPU
		{53DCA265-3C3C-42F9-B647-F72BA678122B}.net_2_0_Release|Any CPU.ActiveCfg = Release|Any CPU
		{53DCA265-3C3C-42F9-B647-F72BA678122B}.net_2_0_Release|Any CPU.Build.0 = Release|Any CPU
		{53DCA265-3C3C-42F9-B647-F72BA678122B}.net_2_0_Release|x86.ActiveCfg = Release|Any CPU
		{53DCA265-3C3C-42F9-B647-F72BA678122B}.net_3_5_Debug|Any CPU.ActiveCfg = Debug|Any CPU
		{53DCA265-3C3C-42F9-B647-F72BA678122B}.net_3_5_Debug|Any CPU.Build.0 = Debug|Any CPU
		{53DCA265-3C3C-42F9-B647-F72BA678122B}.net_3_5_Debug|x86.ActiveCfg = Debug|Any CPU
		{53DCA265-3C3C-42F9-B647-F72BA678122B}.net_3_5_Release|Any CPU.ActiveCfg = Release|Any CPU
		{53DCA265-3C3C-42F9-B647-F72BA678122B}.net_3_5_Release|Any CPU.Build.0 = Release|Any CPU
		{53DCA265-3C3C-42F9-B647-F72BA678122B}.net_3_5_Release|x86.ActiveCfg = Release|Any CPU
		{53DCA265-3C3C-42F9-B647-F72BA678122B}.net_4_0_Debug|Any CPU.ActiveCfg = Debug|Any CPU
		{53DCA265-3C3C-42F9-B647-F72BA678122B}.net_4_0_Debug|Any CPU.Build.0 = Debug|Any CPU
		{53DCA265-3C3C-42F9-B647-F72BA678122B}.net_4_0_Debug|x86.ActiveCfg = Debug|Any CPU
		{53DCA265-3C3C-42F9-B647-F72BA678122B}.net_4_0_Release|Any CPU.ActiveCfg = Release|Any CPU
		{53DCA265-3C3C-42F9-B647-F72BA678122B}.net_4_0_Release|Any CPU.Build.0 = Release|Any CPU
		{53DCA265-3C3C-42F9-B647-F72BA678122B}.net_4_0_Release|x86.ActiveCfg = Release|Any CPU
		{53DCA265-3C3C-42F9-B647-F72BA678122B}.net_4_5_Debug|Any CPU.ActiveCfg = Debug|Any CPU
		{53DCA265-3C3C-42F9-B647-F72BA678122B}.net_4_5_Debug|Any CPU.Build.0 = Debug|Any CPU
		{53DCA265-3C3C-42F9-B647-F72BA678122B}.net_4_5_Debug|x86.ActiveCfg = Debug|Any CPU
		{53DCA265-3C3C-42F9-B647-F72BA678122B}.net_4_5_Release|Any CPU.ActiveCfg = Release|Any CPU
		{53DCA265-3C3C-42F9-B647-F72BA678122B}.net_4_5_Release|Any CPU.Build.0 = Release|Any CPU
		{53DCA265-3C3C-42F9-B647-F72BA678122B}.net_4_5_Release|x86.ActiveCfg = Release|Any CPU
		{53DCA265-3C3C-42F9-B647-F72BA678122B}.Release|Any CPU.ActiveCfg = Release|Any CPU
		{53DCA265-3C3C-42F9-B647-F72BA678122B}.Release|Any CPU.Build.0 = Release|Any CPU
		{53DCA265-3C3C-42F9-B647-F72BA678122B}.Release|x86.ActiveCfg = Release|Any CPU
		{53DCA265-3C3C-42F9-B647-F72BA678122B}.Release|x86.Build.0 = Release|Any CPU
		{53DCA265-3C3C-42F9-B647-F72BA678122B}.silverlight_Debug|Any CPU.ActiveCfg = Debug|Any CPU
		{53DCA265-3C3C-42F9-B647-F72BA678122B}.silverlight_Debug|Any CPU.Build.0 = Debug|Any CPU
		{53DCA265-3C3C-42F9-B647-F72BA678122B}.silverlight_Debug|x86.ActiveCfg = Debug|Any CPU
		{53DCA265-3C3C-42F9-B647-F72BA678122B}.silverlight_Release|Any CPU.ActiveCfg = Release|Any CPU
		{53DCA265-3C3C-42F9-B647-F72BA678122B}.silverlight_Release|Any CPU.Build.0 = Release|Any CPU
		{53DCA265-3C3C-42F9-B647-F72BA678122B}.silverlight_Release|x86.ActiveCfg = Release|Any CPU
		{53DCA265-3C3C-42F9-B647-F72BA678122B}.winphone_Debug|Any CPU.ActiveCfg = Debug|Any CPU
		{53DCA265-3C3C-42F9-B647-F72BA678122B}.winphone_Debug|Any CPU.Build.0 = Debug|Any CPU
		{53DCA265-3C3C-42F9-B647-F72BA678122B}.winphone_Debug|x86.ActiveCfg = Debug|Any CPU
		{53DCA265-3C3C-42F9-B647-F72BA678122B}.winphone_Release|Any CPU.ActiveCfg = Release|Any CPU
		{53DCA265-3C3C-42F9-B647-F72BA678122B}.winphone_Release|Any CPU.Build.0 = Release|Any CPU
		{53DCA265-3C3C-42F9-B647-F72BA678122B}.winphone_Release|x86.ActiveCfg = Release|Any CPU
		{B2A8BB5A-2C47-4B6A-943C-44658BCEF07C}.Debug|Any CPU.ActiveCfg = Debug|Any CPU
		{B2A8BB5A-2C47-4B6A-943C-44658BCEF07C}.Debug|Any CPU.Build.0 = Debug|Any CPU
		{B2A8BB5A-2C47-4B6A-943C-44658BCEF07C}.Debug|x86.ActiveCfg = Debug|Any CPU
		{B2A8BB5A-2C47-4B6A-943C-44658BCEF07C}.net_2_0_Debug|Any CPU.ActiveCfg = Debug|Any CPU
		{B2A8BB5A-2C47-4B6A-943C-44658BCEF07C}.net_2_0_Debug|Any CPU.Build.0 = Debug|Any CPU
		{B2A8BB5A-2C47-4B6A-943C-44658BCEF07C}.net_2_0_Debug|x86.ActiveCfg = Debug|Any CPU
		{B2A8BB5A-2C47-4B6A-943C-44658BCEF07C}.net_2_0_Release|Any CPU.ActiveCfg = Release|Any CPU
		{B2A8BB5A-2C47-4B6A-943C-44658BCEF07C}.net_2_0_Release|Any CPU.Build.0 = Release|Any CPU
		{B2A8BB5A-2C47-4B6A-943C-44658BCEF07C}.net_2_0_Release|x86.ActiveCfg = Release|Any CPU
		{B2A8BB5A-2C47-4B6A-943C-44658BCEF07C}.net_3_5_Debug|Any CPU.ActiveCfg = Debug|Any CPU
		{B2A8BB5A-2C47-4B6A-943C-44658BCEF07C}.net_3_5_Debug|Any CPU.Build.0 = Debug|Any CPU
		{B2A8BB5A-2C47-4B6A-943C-44658BCEF07C}.net_3_5_Debug|x86.ActiveCfg = Debug|Any CPU
		{B2A8BB5A-2C47-4B6A-943C-44658BCEF07C}.net_3_5_Release|Any CPU.ActiveCfg = Release|Any CPU
		{B2A8BB5A-2C47-4B6A-943C-44658BCEF07C}.net_3_5_Release|Any CPU.Build.0 = Release|Any CPU
		{B2A8BB5A-2C47-4B6A-943C-44658BCEF07C}.net_3_5_Release|x86.ActiveCfg = Release|Any CPU
		{B2A8BB5A-2C47-4B6A-943C-44658BCEF07C}.net_4_0_Debug|Any CPU.ActiveCfg = Debug|Any CPU
		{B2A8BB5A-2C47-4B6A-943C-44658BCEF07C}.net_4_0_Debug|Any CPU.Build.0 = Debug|Any CPU
		{B2A8BB5A-2C47-4B6A-943C-44658BCEF07C}.net_4_0_Debug|x86.ActiveCfg = Debug|Any CPU
		{B2A8BB5A-2C47-4B6A-943C-44658BCEF07C}.net_4_0_Release|Any CPU.ActiveCfg = Release|Any CPU
		{B2A8BB5A-2C47-4B6A-943C-44658BCEF07C}.net_4_0_Release|Any CPU.Build.0 = Release|Any CPU
		{B2A8BB5A-2C47-4B6A-943C-44658BCEF07C}.net_4_0_Release|x86.ActiveCfg = Release|Any CPU
		{B2A8BB5A-2C47-4B6A-943C-44658BCEF07C}.net_4_5_Debug|Any CPU.ActiveCfg = Debug|Any CPU
		{B2A8BB5A-2C47-4B6A-943C-44658BCEF07C}.net_4_5_Debug|Any CPU.Build.0 = Debug|Any CPU
		{B2A8BB5A-2C47-4B6A-943C-44658BCEF07C}.net_4_5_Debug|x86.ActiveCfg = Debug|Any CPU
		{B2A8BB5A-2C47-4B6A-943C-44658BCEF07C}.net_4_5_Release|Any CPU.ActiveCfg = Release|Any CPU
		{B2A8BB5A-2C47-4B6A-943C-44658BCEF07C}.net_4_5_Release|Any CPU.Build.0 = Release|Any CPU
		{B2A8BB5A-2C47-4B6A-943C-44658BCEF07C}.net_4_5_Release|x86.ActiveCfg = Release|Any CPU
		{B2A8BB5A-2C47-4B6A-943C-44658BCEF07C}.Release|Any CPU.ActiveCfg = Release|Any CPU
		{B2A8BB5A-2C47-4B6A-943C-44658BCEF07C}.Release|Any CPU.Build.0 = Release|Any CPU
		{B2A8BB5A-2C47-4B6A-943C-44658BCEF07C}.Release|x86.ActiveCfg = Release|Any CPU
		{B2A8BB5A-2C47-4B6A-943C-44658BCEF07C}.silverlight_Debug|Any CPU.ActiveCfg = Debug|Any CPU
		{B2A8BB5A-2C47-4B6A-943C-44658BCEF07C}.silverlight_Debug|Any CPU.Build.0 = Debug|Any CPU
		{B2A8BB5A-2C47-4B6A-943C-44658BCEF07C}.silverlight_Debug|x86.ActiveCfg = Debug|Any CPU
		{B2A8BB5A-2C47-4B6A-943C-44658BCEF07C}.silverlight_Release|Any CPU.ActiveCfg = Release|Any CPU
		{B2A8BB5A-2C47-4B6A-943C-44658BCEF07C}.silverlight_Release|Any CPU.Build.0 = Release|Any CPU
		{B2A8BB5A-2C47-4B6A-943C-44658BCEF07C}.silverlight_Release|x86.ActiveCfg = Release|Any CPU
		{B2A8BB5A-2C47-4B6A-943C-44658BCEF07C}.winphone_Debug|Any CPU.ActiveCfg = Debug|Any CPU
		{B2A8BB5A-2C47-4B6A-943C-44658BCEF07C}.winphone_Debug|Any CPU.Build.0 = Debug|Any CPU
		{B2A8BB5A-2C47-4B6A-943C-44658BCEF07C}.winphone_Debug|x86.ActiveCfg = Debug|Any CPU
		{B2A8BB5A-2C47-4B6A-943C-44658BCEF07C}.winphone_Release|Any CPU.ActiveCfg = Release|Any CPU
		{B2A8BB5A-2C47-4B6A-943C-44658BCEF07C}.winphone_Release|Any CPU.Build.0 = Release|Any CPU
		{B2A8BB5A-2C47-4B6A-943C-44658BCEF07C}.winphone_Release|x86.ActiveCfg = Release|Any CPU
	EndGlobalSection
	GlobalSection(SolutionProperties) = preSolution
		HideSolutionNode = FALSE
	EndGlobalSection
	GlobalSection(NestedProjects) = preSolution
		{F45DB999-7E72-4000-B5AD-3A7B485A0896} = {CA95EA52-F65F-41D7-812B-2B37C87D6368}
		{1E85EFF9-E370-4683-83E4-8A3D063FF791} = {CA95EA52-F65F-41D7-812B-2B37C87D6368}
		{DDE2A481-8271-4EAC-A330-8FA6A38D13D1} = {CA95EA52-F65F-41D7-812B-2B37C87D6368}
		{D68133BD-1E63-496E-9EDE-4FBDBF77B486} = {CA95EA52-F65F-41D7-812B-2B37C87D6368}
		{6C55B776-26D4-4DB3-A6AB-87E783B2F3D1} = {CA95EA52-F65F-41D7-812B-2B37C87D6368}
		{984CC812-9470-4A13-AFF9-CC44068D666C} = {CA95EA52-F65F-41D7-812B-2B37C87D6368}
		{3B2A5653-EC97-4001-BB9B-D90F1AF2C371} = {CA95EA52-F65F-41D7-812B-2B37C87D6368}
		{FEC0DA52-C4A6-4710-BE36-B484A20C5E22} = {CA95EA52-F65F-41D7-812B-2B37C87D6368}
		{F32EBCC8-0E53-4421-867E-05B3D6E10C70} = {CA95EA52-F65F-41D7-812B-2B37C87D6368}
		{63E6915C-7EA4-4D76-AB28-0D7191EEA626} = {CA95EA52-F65F-41D7-812B-2B37C87D6368}
		{7B82B671-419F-45F4-B778-D9286F996EFA} = {CA95EA52-F65F-41D7-812B-2B37C87D6368}
		{A6BAD2BA-76BA-461C-8B6D-418607591247} = {CA95EA52-F65F-41D7-812B-2B37C87D6368}
		{1169E6D1-1899-43D4-A500-07CE4235B388} = {CA95EA52-F65F-41D7-812B-2B37C87D6368}
		{53DCA265-3C3C-42F9-B647-F72BA678122B} = {CA95EA52-F65F-41D7-812B-2B37C87D6368}
	EndGlobalSection
EndGlobal
